<?xml version="1.0" encoding="utf-8"?>
<Project ToolsVersion="4.0" xmlns="http://schemas.microsoft.com/developer/msbuild/2003">
  <ItemGroup>
    <ClCompile Include="..\IPlugWebUI_SK.cpp" />
    <ClCompile Include="..\..\..\IPlug\IPlugAPIBase.cpp">
      <Filter>IPlug</Filter>
    </ClCompile>
    <ClCompile Include="..\..\..\IPlug\IPlugParameter.cpp">
      <Filter>IPlug</Filter>
    </ClCompile>
    <ClCompile Include="..\..\..\IPlug\IPlugPluginBase.cpp">
      <Filter>IPlug</Filter>
    </ClCompile>
    <ClCompile Include="..\..\..\IPlug\IPlugProcessor.cpp">
      <Filter>IPlug</Filter>
    </ClCompile>
    <ClCompile Include="..\..\..\IPlug\IPlugTimer.cpp">
      <Filter>IPlug</Filter>
    </ClCompile>
    <ClCompile Include="..\..\..\IPlug\APP\IPlugAPP.cpp">
      <Filter>IPlug\APP</Filter>
    </ClCompile>
    <ClCompile Include="..\..\..\IPlug\APP\IPlugAPP_dialog.cpp">
      <Filter>IPlug\APP</Filter>
    </ClCompile>
    <ClCompile Include="..\..\..\IPlug\APP\IPlugAPP_host.cpp">
      <Filter>IPlug\APP</Filter>
    </ClCompile>
    <ClCompile Include="..\..\..\IPlug\APP\IPlugAPP_main.cpp">
      <Filter>IPlug\APP</Filter>
    </ClCompile>
    <ClCompile Include="..\..\..\Dependencies\IPlug\RTAudio\RtAudio.cpp">
      <Filter>IPlug\APP\RTAudioMidi</Filter>
    </ClCompile>
    <ClCompile Include="..\..\..\Dependencies\IPlug\RTMidi\RtMidi.cpp">
      <Filter>IPlug\APP\RTAudioMidi</Filter>
    </ClCompile>
    <ClCompile Include="..\..\..\Dependencies\IPlug\RTAudio\include\asio.cpp">
      <Filter>IPlug\APP\RTAudioMidi\include</Filter>
    </ClCompile>
    <ClCompile Include="..\..\..\Dependencies\IPlug\RTAudio\include\asiodrivers.cpp">
      <Filter>IPlug\APP\RTAudioMidi\include</Filter>
    </ClCompile>
    <ClCompile Include="..\..\..\Dependencies\IPlug\RTAudio\include\asiolist.cpp">
      <Filter>IPlug\APP\RTAudioMidi\include</Filter>
    </ClCompile>
    <ClCompile Include="..\..\..\Dependencies\IPlug\RTAudio\include\iasiothiscallresolver.cpp">
      <Filter>IPlug\APP\RTAudioMidi\include</Filter>
    </ClCompile>
    <ClCompile Include="..\..\..\IPlug\IPlugPaths.cpp">
      <Filter>IPlug</Filter>
    </ClCompile>
    <ClCompile Include="..\..\..\IPlug\Extras\WebView\IPlugWebViewEditorDelegate.cpp">
      <Filter>IPlug\Extras\WebView</Filter>
    </ClCompile>
    <ClCompile Include="..\..\..\IPlug\Extras\WebView\IPlugWebView_win.cpp">
      <Filter>IPlug\Extras\WebView</Filter>
    </ClCompile>
  </ItemGroup>
  <ItemGroup>
    <ClInclude Include="..\IPlugWebUI_SK.h" />
    <ClInclude Include="..\resources\resource.h">
      <Filter>resources</Filter>
    </ClInclude>
    <ClInclude Include="..\..\..\IPlug\IPlugAPIBase.h">
      <Filter>IPlug</Filter>
    </ClInclude>
    <ClInclude Include="..\..\..\IPlug\IPlugConstants.h">
      <Filter>IPlug</Filter>
    </ClInclude>
    <ClInclude Include="..\..\..\IPlug\IPlugEditorDelegate.h">
      <Filter>IPlug</Filter>
    </ClInclude>
    <ClInclude Include="..\..\..\IPlug\IPlugLogger.h">
      <Filter>IPlug</Filter>
    </ClInclude>
    <ClInclude Include="..\..\..\IPlug\IPlugMidi.h">
      <Filter>IPlug</Filter>
    </ClInclude>
    <ClInclude Include="..\..\..\IPlug\IPlugPlatform.h">
      <Filter>IPlug</Filter>
    </ClInclude>
    <ClInclude Include="..\..\..\IPlug\IPlugParameter.h">
      <Filter>IPlug</Filter>
    </ClInclude>
    <ClInclude Include="..\..\..\IPlug\IPlugProcessor.h">
      <Filter>IPlug</Filter>
    </ClInclude>
    <ClInclude Include="..\..\..\IPlug\IPlugStructs.h">
      <Filter>IPlug</Filter>
    </ClInclude>
    <ClInclude Include="..\..\..\IPlug\IPlugTimer.h">
      <Filter>IPlug</Filter>
    </ClInclude>
    <ClInclude Include="..\..\..\IPlug\IPlugUtilities.h">
      <Filter>IPlug</Filter>
    </ClInclude>
    <ClInclude Include="..\..\..\IPlug\IPlug_include_in_plug_hdr.h">
      <Filter>IPlug</Filter>
    </ClInclude>
    <ClInclude Include="..\..\..\IPlug\IPlug_include_in_plug_src.h">
      <Filter>IPlug</Filter>
    </ClInclude>
    <ClInclude Include="../config.h" />
    <ClInclude Include="..\..\..\IPlug\APP\IPlugAPP.h">
      <Filter>IPlug\APP</Filter>
    </ClInclude>
    <ClInclude Include="..\..\..\IPlug\APP\IPlugAPP_host.h">
      <Filter>IPlug\APP</Filter>
    </ClInclude>
    <ClInclude Include="..\..\..\Dependencies\IPlug\RTAudio\RtAudio.h">
      <Filter>IPlug\APP\RTAudioMidi</Filter>
    </ClInclude>
    <ClInclude Include="..\..\..\Dependencies\IPlug\RTMidi\RtMidi.h">
      <Filter>IPlug\APP\RTAudioMidi</Filter>
    </ClInclude>
    <ClInclude Include="..\..\..\Dependencies\IPlug\RTAudio\include\asio.h">
      <Filter>IPlug\APP\RTAudioMidi\include</Filter>
    </ClInclude>
    <ClInclude Include="..\..\..\Dependencies\IPlug\RTAudio\include\asiodrivers.h">
      <Filter>IPlug\APP\RTAudioMidi\include</Filter>
    </ClInclude>
    <ClInclude Include="..\..\..\Dependencies\IPlug\RTAudio\include\asiodrvr.h">
      <Filter>IPlug\APP\RTAudioMidi\include</Filter>
    </ClInclude>
    <ClInclude Include="..\..\..\Dependencies\IPlug\RTAudio\include\asiolist.h">
      <Filter>IPlug\APP\RTAudioMidi\include</Filter>
    </ClInclude>
    <ClInclude Include="..\..\..\Dependencies\IPlug\RTAudio\include\asiosys.h">
      <Filter>IPlug\APP\RTAudioMidi\include</Filter>
    </ClInclude>
    <ClInclude Include="..\..\..\Dependencies\IPlug\RTAudio\include\dsound.h">
      <Filter>IPlug\APP\RTAudioMidi\include</Filter>
    </ClInclude>
    <ClInclude Include="..\..\..\Dependencies\IPlug\RTAudio\include\functiondiscoverykeys_devpkey.h">
      <Filter>IPlug\APP\RTAudioMidi\include</Filter>
    </ClInclude>
    <ClInclude Include="..\..\..\Dependencies\IPlug\RTAudio\include\ginclude.h">
      <Filter>IPlug\APP\RTAudioMidi\include</Filter>
    </ClInclude>
    <ClInclude Include="..\..\..\Dependencies\IPlug\RTAudio\include\iasiodrv.h">
      <Filter>IPlug\APP\RTAudioMidi\include</Filter>
    </ClInclude>
    <ClInclude Include="..\..\..\Dependencies\IPlug\RTAudio\include\iasiothiscallresolver.h">
      <Filter>IPlug\APP\RTAudioMidi\include</Filter>
    </ClInclude>
    <ClInclude Include="..\..\..\Dependencies\IPlug\RTAudio\include\soundcard.h">
      <Filter>IPlug\APP\RTAudioMidi\include</Filter>
    </ClInclude>
    <ClInclude Include="..\..\..\IPlug\IPlugPaths.h">
      <Filter>IPlug</Filter>
    </ClInclude>
    <ClInclude Include="..\..\..\IPlug\IPlugPluginBase.h">
      <Filter>IPlug</Filter>
    </ClInclude>
    <ClInclude Include="..\..\..\IPlug\Extras\WebView\IPlugWebViewEditorDelegate.h">
      <Filter>IPlug\Extras\WebView</Filter>
    </ClInclude>
    <ClInclude Include="..\..\..\IPlug\Extras\WebView\IPlugWebView.h">
      <Filter>IPlug\Extras\WebView</Filter>
    </ClInclude>
    <ClInclude Include="..\..\..\IPlug\ISender.h" />
    <ClInclude Include="..\..\..\..\skxx\core\superkraft.hxx">
      <Filter>superkraft\skxx\core</Filter>
    </ClInclude>
    <ClInclude Include="..\..\..\..\skxx\core\sk_callbacks.hxx">
      <Filter>superkraft\skxx\core</Filter>
    </ClInclude>
    <ClInclude Include="..\..\..\..\skxx\core\sk_common.hxx">
      <Filter>superkraft\skxx\core</Filter>
    </ClInclude>
    <ClInclude Include="..\..\..\..\skxx\core\sk_include.hxx">
      <Filter>superkraft\skxx\core</Filter>
    </ClInclude>
    <ClInclude Include="..\..\..\..\skxx\core\sk_var.hxx">
      <Filter>superkraft\skxx\core</Filter>
    </ClInclude>
    <ClInclude Include="..\..\..\..\skxx\core\sk_communication\sk_communication.hxx">
      <Filter>superkraft\skxx\core\sk_communication</Filter>
    </ClInclude>
    <ClInclude Include="..\..\..\..\skxx\core\sk_communication\sk_communication_packet.hxx">
      <Filter>superkraft\skxx\core\sk_communication</Filter>
    </ClInclude>
    <ClInclude Include="..\..\..\..\skxx\core\sk_communication\sk_communication_response.hxx">
      <Filter>superkraft\skxx\core\sk_communication</Filter>
    </ClInclude>
    <ClInclude Include="..\..\..\..\skxx\core\sk_ipc\sk_ipc_v2.hxx">
      <Filter>superkraft\skxx\core\sk_ipc</Filter>
    </ClInclude>
    <ClInclude Include="..\..\..\..\skxx\core\sk_json\sk_json.hxx">
      <Filter>superkraft\skxx\core\sk_json</Filter>
    </ClInclude>
    <ClInclude Include="..\..\..\..\skxx\core\sk_profiler\sk_profiler.hxx">
      <Filter>superkraft\skxx\core\sk_profiler</Filter>
    </ClInclude>
    <ClInclude Include="..\..\..\..\skxx\core\sk_threads\sk_thread_pool.hxx">
      <Filter>superkraft\skxx\core\sk_threads</Filter>
    </ClInclude>
    <ClInclude Include="..\..\..\..\skxx\core\sk_web\sk_curl.hxx">
      <Filter>superkraft\skxx\core\sk_web</Filter>
    </ClInclude>
    <ClInclude Include="..\..\..\..\skxx\core\sk_web\sk_web_utils.hxx">
      <Filter>superkraft\skxx\core\sk_web</Filter>
    </ClInclude>
    <ClInclude Include="..\..\..\..\skxx\core\sk_webview\sk_webview.h">
      <Filter>superkraft\skxx\core\sk_webview</Filter>
    </ClInclude>
    <ClInclude Include="..\..\..\..\skxx\core\sk_webview\windows\sk_webview_windows.hxx">
      <Filter>superkraft\skxx\core\sk_webview\windows</Filter>
    </ClInclude>
    <ClInclude Include="..\..\..\..\skxx\core\sk_webview_initializer\sk_webview_initializer.hxx">
      <Filter>superkraft\skxx\core\sk_webview_initializer</Filter>
    </ClInclude>
    <ClInclude Include="..\..\..\..\skxx\core\sk_webview_initializer\os\sk_webview_initializer_windows.hxx">
      <Filter>superkraft\skxx\core\sk_webview_initializer\windows</Filter>
    </ClInclude>
    <ClInclude Include="..\..\..\..\skxx\core\sk_window_mngr\sk_window_mngr.hxx">
      <Filter>superkraft\skxx\core\sk_window_mngr</Filter>
    </ClInclude>
    <ClInclude Include="..\..\..\..\skxx\core\sk_window_mngr\root\sk_window_root.hxx">
      <Filter>superkraft\skxx\core\sk_window_mngr\root</Filter>
    </ClInclude>
    <ClInclude Include="..\..\..\..\skxx\core\sk_window_mngr\windows\sk_window_windows.hxx">
      <Filter>superkraft\skxx\core\sk_window_mngr\os</Filter>
    </ClInclude>
    <ClInclude Include="..\..\..\..\skxx\core\utils\sk_array.hxx">
      <Filter>superkraft\skxx\core\utils</Filter>
    </ClInclude>
    <ClInclude Include="..\..\..\..\skxx\core\utils\sk_datetime.hxx">
      <Filter>superkraft\skxx\core\utils</Filter>
    </ClInclude>
    <ClInclude Include="..\..\..\..\skxx\core\utils\sk_file.hxx">
      <Filter>superkraft\skxx\core\utils</Filter>
    </ClInclude>
    <ClInclude Include="..\..\..\..\skxx\core\utils\sk_json.hxx">
      <Filter>superkraft\skxx\core\utils</Filter>
    </ClInclude>
    <ClInclude Include="..\..\..\..\skxx\core\utils\sk_machine.hxx">
      <Filter>superkraft\skxx\core\utils</Filter>
    </ClInclude>
    <ClInclude Include="..\..\..\..\skxx\core\utils\sk_path_utils.hxx">
      <Filter>superkraft\skxx\core\utils</Filter>
    </ClInclude>
    <ClInclude Include="..\..\..\..\skxx\core\utils\sk_str_utils.hxx">
      <Filter>superkraft\skxx\core\utils</Filter>
    </ClInclude>
    <ClInclude Include="..\..\..\..\skxx\core\utils\sk_string.hxx">
      <Filter>superkraft\skxx\core\utils</Filter>
    </ClInclude>
    <ClInclude Include="..\..\..\..\skxx\libs\general\curl\curl.h">
      <Filter>superkraft\skxx\libs\general\curl</Filter>
    </ClInclude>
    <ClInclude Include="..\..\..\..\skxx\libs\general\curl\curlver.h">
      <Filter>superkraft\skxx\libs\general\curl</Filter>
    </ClInclude>
    <ClInclude Include="..\..\..\..\skxx\libs\general\curl\easy.h">
      <Filter>superkraft\skxx\libs\general\curl</Filter>
    </ClInclude>
    <ClInclude Include="..\..\..\..\skxx\libs\general\curl\header.h">
      <Filter>superkraft\skxx\libs\general\curl</Filter>
    </ClInclude>
    <ClInclude Include="..\..\..\..\skxx\libs\general\curl\mprintf.h">
      <Filter>superkraft\skxx\libs\general\curl</Filter>
    </ClInclude>
    <ClInclude Include="..\..\..\..\skxx\libs\general\curl\multi.h">
      <Filter>superkraft\skxx\libs\general\curl</Filter>
    </ClInclude>
    <ClInclude Include="..\..\..\..\skxx\libs\general\curl\options.h">
      <Filter>superkraft\skxx\libs\general\curl</Filter>
    </ClInclude>
    <ClInclude Include="..\..\..\..\skxx\libs\general\curl\stdcheaders.h">
      <Filter>superkraft\skxx\libs\general\curl</Filter>
    </ClInclude>
    <ClInclude Include="..\..\..\..\skxx\libs\general\curl\system.h">
      <Filter>superkraft\skxx\libs\general\curl</Filter>
    </ClInclude>
    <ClInclude Include="..\..\..\..\skxx\libs\general\curl\typecheck-gcc.h">
      <Filter>superkraft\skxx\libs\general\curl</Filter>
    </ClInclude>
    <ClInclude Include="..\..\..\..\skxx\libs\general\curl\urlapi.h">
      <Filter>superkraft\skxx\libs\general\curl</Filter>
    </ClInclude>
    <ClInclude Include="..\..\..\..\skxx\libs\general\curl\websockets.h">
      <Filter>superkraft\skxx\libs\general\curl</Filter>
    </ClInclude>
    <ClInclude Include="..\..\..\..\skxx\libs\windows\wil\include\wil\rpc_helpers.h">
      <Filter>superkraft\skxx\libs\windows\wil\include\wil</Filter>
    </ClInclude>
    <ClInclude Include="..\..\..\..\skxx\libs\windows\wil\include\wil\safecast.h">
      <Filter>superkraft\skxx\libs\windows\wil\include\wil</Filter>
    </ClInclude>
    <ClInclude Include="..\..\..\..\skxx\libs\windows\wil\include\wil\stl.h">
      <Filter>superkraft\skxx\libs\windows\wil\include\wil</Filter>
    </ClInclude>
    <ClInclude Include="..\..\..\..\skxx\libs\windows\wil\include\wil\token_helpers.h">
      <Filter>superkraft\skxx\libs\windows\wil\include\wil</Filter>
    </ClInclude>
    <ClInclude Include="..\..\..\..\skxx\libs\windows\wil\include\wil\Tracelogging.h">
      <Filter>superkraft\skxx\libs\windows\wil\include\wil</Filter>
    </ClInclude>
    <ClInclude Include="..\..\..\..\skxx\libs\windows\wil\include\wil\traceloggingconfig.h">
      <Filter>superkraft\skxx\libs\windows\wil\include\wil</Filter>
    </ClInclude>
    <ClInclude Include="..\..\..\..\skxx\libs\windows\wil\include\wil\win32_helpers.h">
      <Filter>superkraft\skxx\libs\windows\wil\include\wil</Filter>
    </ClInclude>
    <ClInclude Include="..\..\..\..\skxx\libs\windows\wil\include\wil\win32_result_macros.h">
      <Filter>superkraft\skxx\libs\windows\wil\include\wil</Filter>
    </ClInclude>
    <ClInclude Include="..\..\..\..\skxx\libs\windows\wil\include\wil\windowing.h">
      <Filter>superkraft\skxx\libs\windows\wil\include\wil</Filter>
    </ClInclude>
    <ClInclude Include="..\..\..\..\skxx\libs\windows\wil\include\wil\winrt.h">
      <Filter>superkraft\skxx\libs\windows\wil\include\wil</Filter>
    </ClInclude>
    <ClInclude Include="..\..\..\..\skxx\libs\windows\wil\include\wil\wistd_config.h">
      <Filter>superkraft\skxx\libs\windows\wil\include\wil</Filter>
    </ClInclude>
    <ClInclude Include="..\..\..\..\skxx\libs\windows\wil\include\wil\wistd_functional.h">
      <Filter>superkraft\skxx\libs\windows\wil\include\wil</Filter>
    </ClInclude>
    <ClInclude Include="..\..\..\..\skxx\libs\windows\wil\include\wil\wistd_memory.h">
      <Filter>superkraft\skxx\libs\windows\wil\include\wil</Filter>
    </ClInclude>
    <ClInclude Include="..\..\..\..\skxx\libs\windows\wil\include\wil\wistd_type_traits.h">
      <Filter>superkraft\skxx\libs\windows\wil\include\wil</Filter>
    </ClInclude>
    <ClInclude Include="..\..\..\..\skxx\libs\windows\wil\include\wil\wrl.h">
      <Filter>superkraft\skxx\libs\windows\wil\include\wil</Filter>
    </ClInclude>
    <ClInclude Include="..\..\..\..\skxx\libs\windows\wil\include\wil\com.h">
      <Filter>superkraft\skxx\libs\windows\wil\include\wil</Filter>
    </ClInclude>
    <ClInclude Include="..\..\..\..\skxx\libs\windows\wil\include\wil\com_apartment_variable.h">
      <Filter>superkraft\skxx\libs\windows\wil\include\wil</Filter>
    </ClInclude>
    <ClInclude Include="..\..\..\..\skxx\libs\windows\wil\include\wil\common.h">
      <Filter>superkraft\skxx\libs\windows\wil\include\wil</Filter>
    </ClInclude>
    <ClInclude Include="..\..\..\..\skxx\libs\windows\wil\include\wil\coroutine.h">
      <Filter>superkraft\skxx\libs\windows\wil\include\wil</Filter>
    </ClInclude>
    <ClInclude Include="..\..\..\..\skxx\libs\windows\wil\include\wil\cppwinrt.h">
      <Filter>superkraft\skxx\libs\windows\wil\include\wil</Filter>
    </ClInclude>
    <ClInclude Include="..\..\..\..\skxx\libs\windows\wil\include\wil\cppwinrt_authoring.h">
      <Filter>superkraft\skxx\libs\windows\wil\include\wil</Filter>
    </ClInclude>
    <ClInclude Include="..\..\..\..\skxx\libs\windows\wil\include\wil\cppwinrt_helpers.h">
      <Filter>superkraft\skxx\libs\windows\wil\include\wil</Filter>
    </ClInclude>
    <ClInclude Include="..\..\..\..\skxx\libs\windows\wil\include\wil\cppwinrt_notifiable_module_lock.h">
      <Filter>superkraft\skxx\libs\windows\wil\include\wil</Filter>
    </ClInclude>
    <ClInclude Include="..\..\..\..\skxx\libs\windows\wil\include\wil\cppwinrt_register_com_server.h">
      <Filter>superkraft\skxx\libs\windows\wil\include\wil</Filter>
    </ClInclude>
    <ClInclude Include="..\..\..\..\skxx\libs\windows\wil\include\wil\cppwinrt_wrl.h">
      <Filter>superkraft\skxx\libs\windows\wil\include\wil</Filter>
    </ClInclude>
    <ClInclude Include="..\..\..\..\skxx\libs\windows\wil\include\wil\filesystem.h">
      <Filter>superkraft\skxx\libs\windows\wil\include\wil</Filter>
    </ClInclude>
    <ClInclude Include="..\..\..\..\skxx\libs\windows\wil\include\wil\nt_result_macros.h">
      <Filter>superkraft\skxx\libs\windows\wil\include\wil</Filter>
    </ClInclude>
    <ClInclude Include="..\..\..\..\skxx\libs\windows\wil\include\wil\registry.h">
      <Filter>superkraft\skxx\libs\windows\wil\include\wil</Filter>
    </ClInclude>
    <ClInclude Include="..\..\..\..\skxx\libs\windows\wil\include\wil\registry_helpers.h">
      <Filter>superkraft\skxx\libs\windows\wil\include\wil</Filter>
    </ClInclude>
    <ClInclude Include="..\..\..\..\skxx\libs\windows\wil\include\wil\resource.h">
      <Filter>superkraft\skxx\libs\windows\wil\include\wil</Filter>
    </ClInclude>
    <ClInclude Include="..\..\..\..\skxx\libs\windows\wil\include\wil\result.h">
      <Filter>superkraft\skxx\libs\windows\wil\include\wil</Filter>
    </ClInclude>
    <ClInclude Include="..\..\..\..\skxx\libs\windows\wil\include\wil\result_macros.h">
      <Filter>superkraft\skxx\libs\windows\wil\include\wil</Filter>
    </ClInclude>
    <ClInclude Include="..\..\..\..\skxx\libs\windows\wil\include\wil\result_originate.h">
      <Filter>superkraft\skxx\libs\windows\wil\include\wil</Filter>
    </ClInclude>
    <ClInclude Include="..\..\..\..\skxx\module_system\sk_module_system.hxx">
      <Filter>superkraft\skxx\module_system</Filter>
    </ClInclude>
    <ClInclude Include="..\..\..\..\skxx\module_system\cpp\sk_module_base_class.hxx">
      <Filter>superkraft\skxx\module_system\cpp</Filter>
    </ClInclude>
    <ClInclude Include="..\..\..\..\skxx\module_system\cpp\modules\nodejs\sk_ms_nodejs_fs.hxx">
      <Filter>superkraft\skxx\module_system\cpp\modules\nodejs</Filter>
    </ClInclude>
    <ClInclude Include="..\..\..\..\skxx\module_system\cpp\modules\nodejs\sk_ms_nodejs_os.hxx">
      <Filter>superkraft\skxx\module_system\cpp\modules\nodejs</Filter>
    </ClInclude>
    <ClInclude Include="..\..\..\..\skxx\module_system\cpp\modules\sk\sk_ms_application.hxx">
      <Filter>superkraft\skxx\module_system\cpp\modules\sk</Filter>
    </ClInclude>
    <ClInclude Include="..\..\..\..\skxx\module_system\cpp\modules\sk\sk_ms_bdfs.hxx">
      <Filter>superkraft\skxx\module_system\cpp\modules\sk</Filter>
    </ClInclude>
    <ClInclude Include="..\..\..\..\skxx\module_system\cpp\modules\sk\sk_ms_web.hxx">
      <Filter>superkraft\skxx\module_system\cpp\modules\sk</Filter>
    </ClInclude>
    <ClInclude Include="..\..\..\..\skxx\module_system\cpp\modules\sk\nativeActions\sk_ms_nativeActions.hxx">
      <Filter>superkraft\skxx\module_system\cpp\modules\sk\nativeActions</Filter>
    </ClInclude>
    <ClInclude Include="..\..\..\..\skxx\module_system\cpp\modules\sk\nativeActions\sk_nativeAction_root.hxx">
      <Filter>superkraft\skxx\module_system\cpp\modules\sk\nativeActions</Filter>
    </ClInclude>
    <ClInclude Include="..\..\..\..\skxx\module_system\cpp\modules\sk\nativeActions\core\sk_ms_cNA_handleParamMouseEvent.hxx">
      <Filter>superkraft\skxx\module_system\cpp\modules\sk\nativeActions\core</Filter>
    </ClInclude>
    <ClInclude Include="..\..\..\..\skxx\module_system\cpp\modules\sk\vfs\sk_ms_vfs.hxx">
      <Filter>superkraft\skxx\module_system\cpp\modules\sk\vfs</Filter>
    </ClInclude>
    <ClInclude Include="..\..\..\..\skxx\module_system\cpp\modules\sk\vfs\sk_ms_vfs_file.hxx">
      <Filter>superkraft\skxx\module_system\cpp\modules\sk\vfs</Filter>
    </ClInclude>
    <ClInclude Include="..\..\..\..\skxx\module_system\cpp\modules\sk\viewMngr\sk_ms_view.hxx">
      <Filter>superkraft\skxx\module_system\cpp\modules\sk\viewMngr</Filter>
    </ClInclude>
    <ClInclude Include="..\..\..\..\skxx\module_system\cpp\modules\sk\viewMngr\sk_ms_viewMngr.hxx">
      <Filter>superkraft\skxx\module_system\cpp\modules\sk\viewMngr</Filter>
    </ClInclude>
  </ItemGroup>
  <ItemGroup>
    <Filter Include="resources">
      <UniqueIdentifier>{c6ab0357-34f0-4ae8-8b4f-225dc387b2db}</UniqueIdentifier>
    </Filter>
    <Filter Include="config">
      <UniqueIdentifier>{ece5417b-4823-4518-9381-2660a4319318}</UniqueIdentifier>
    </Filter>
    <Filter Include="IPlug">
      <UniqueIdentifier>{3bd7f71b-e8ed-4d62-8e22-06c09c5c15a1}</UniqueIdentifier>
    </Filter>
    <Filter Include="IPlug\APP">
      <UniqueIdentifier>{13b3737b-7ecf-435c-8da0-08ccf8e2fb84}</UniqueIdentifier>
    </Filter>
    <Filter Include="IPlug\APP\RTAudioMidi">
      <UniqueIdentifier>{e7841f62-a97d-41b6-93d1-ecca8a512d93}</UniqueIdentifier>
    </Filter>
    <Filter Include="IPlug\APP\RTAudioMidi\include">
      <UniqueIdentifier>{649c5de3-b4c2-4de9-8d57-3b1762646259}</UniqueIdentifier>
    </Filter>
    <Filter Include="IPlug\Extras">
      <UniqueIdentifier>{f642f197-2c01-4101-8a40-0ac493949171}</UniqueIdentifier>
    </Filter>
    <Filter Include="IPlug\Extras\WebView">
      <UniqueIdentifier>{e6e2b8b9-5c3a-49f8-9588-0e9f32686cbe}</UniqueIdentifier>
    </Filter>
    <Filter Include="superkraft">
      <UniqueIdentifier>{9cde3274-934b-407f-a7a1-7debc8bb4bcd}</UniqueIdentifier>
    </Filter>
    <Filter Include="superkraft\skxx">
      <UniqueIdentifier>{c8506420-6d2b-4ad5-8331-c7b3f22e061e}</UniqueIdentifier>
    </Filter>
    <Filter Include="superkraft\project">
      <UniqueIdentifier>{f969d1e9-8197-4ed2-a8fc-372e8777cc3a}</UniqueIdentifier>
    </Filter>
    <Filter Include="superkraft\skxx\core">
      <UniqueIdentifier>{0086c898-aa29-4ffb-851f-df9cfbd7e783}</UniqueIdentifier>
    </Filter>
    <Filter Include="superkraft\skxx\core\sk_communication">
      <UniqueIdentifier>{6b978d02-cb6e-4382-a34a-5dc70305eefa}</UniqueIdentifier>
    </Filter>
    <Filter Include="superkraft\skxx\core\sk_ipc">
      <UniqueIdentifier>{0c19277d-77fe-41c9-9b0b-60f399d29b37}</UniqueIdentifier>
    </Filter>
    <Filter Include="superkraft\skxx\core\sk_json">
      <UniqueIdentifier>{8eb30967-d080-4a16-8573-e6e0a37225b5}</UniqueIdentifier>
    </Filter>
    <Filter Include="superkraft\skxx\core\sk_profiler">
      <UniqueIdentifier>{825840a3-f870-480f-933e-fd0b1847e89d}</UniqueIdentifier>
    </Filter>
    <Filter Include="superkraft\skxx\core\sk_threads">
      <UniqueIdentifier>{d10e79a7-f837-4550-ae60-750a87d14c32}</UniqueIdentifier>
    </Filter>
    <Filter Include="superkraft\skxx\core\sk_web">
      <UniqueIdentifier>{7c618250-c801-46f3-bf43-0b1c4d8c3015}</UniqueIdentifier>
    </Filter>
    <Filter Include="superkraft\skxx\core\sk_webview">
      <UniqueIdentifier>{7b019719-5919-4c85-9e4a-296cba358dbd}</UniqueIdentifier>
    </Filter>
    <Filter Include="superkraft\skxx\core\sk_webview\windows">
      <UniqueIdentifier>{6989c1c0-7c29-4a95-87d9-61ef46ce47c1}</UniqueIdentifier>
    </Filter>
    <Filter Include="superkraft\skxx\core\sk_webview_initializer">
      <UniqueIdentifier>{7f307ab3-2d10-460a-8a77-d9144940ffb3}</UniqueIdentifier>
    </Filter>
    <Filter Include="superkraft\skxx\core\sk_webview_initializer\windows">
      <UniqueIdentifier>{a30b03f8-a451-4eb0-bc91-6eebe484dd5d}</UniqueIdentifier>
    </Filter>
    <Filter Include="superkraft\skxx\core\sk_window_mngr">
      <UniqueIdentifier>{d4fc5e8d-e3f4-46f0-9e6d-2451ada4e87b}</UniqueIdentifier>
    </Filter>
    <Filter Include="superkraft\skxx\core\sk_window_mngr\root">
      <UniqueIdentifier>{d9e2aa7c-48c1-46a5-a044-7128d2bbb9a2}</UniqueIdentifier>
    </Filter>
    <Filter Include="superkraft\skxx\core\sk_window_mngr\os">
      <UniqueIdentifier>{7b6f9bd2-204b-4d26-b08b-48e03853bd1d}</UniqueIdentifier>
    </Filter>
    <Filter Include="superkraft\skxx\core\utils">
      <UniqueIdentifier>{4b9b77ac-21b5-4627-9119-9344db1a98b4}</UniqueIdentifier>
    </Filter>
    <Filter Include="superkraft\skxx\libs">
      <UniqueIdentifier>{0975733a-704e-45f3-b3be-81ad94ce74ed}</UniqueIdentifier>
    </Filter>
    <Filter Include="superkraft\skxx\libs\general">
      <UniqueIdentifier>{9b3f6d59-2f5b-4375-8497-df110f9ffc89}</UniqueIdentifier>
    </Filter>
    <Filter Include="superkraft\skxx\libs\general\curl">
      <UniqueIdentifier>{78e36087-232d-4963-9321-97dcd2595f5a}</UniqueIdentifier>
    </Filter>
    <Filter Include="superkraft\skxx\libs\windows">
      <UniqueIdentifier>{62862772-3d29-4af3-abde-7e14a593742c}</UniqueIdentifier>
    </Filter>
    <Filter Include="superkraft\skxx\libs\windows\wil">
      <UniqueIdentifier>{792ea2ea-d49f-4528-9e80-5853f8f38837}</UniqueIdentifier>
    </Filter>
    <Filter Include="superkraft\skxx\libs\windows\wil\include">
      <UniqueIdentifier>{be86ce1a-4a54-4acf-aa3e-b48091590167}</UniqueIdentifier>
    </Filter>
    <Filter Include="superkraft\skxx\libs\windows\wil\include\wil">
      <UniqueIdentifier>{5ee57e82-babf-4373-be84-93ee856f824c}</UniqueIdentifier>
    </Filter>
    <Filter Include="superkraft\skxx\module_system">
      <UniqueIdentifier>{8371dc53-b932-473e-9da9-e34e24c5d02f}</UniqueIdentifier>
    </Filter>
    <Filter Include="superkraft\skxx\module_system\cpp">
      <UniqueIdentifier>{ba3ee6ab-d94e-412e-856e-141c4c4cb2f9}</UniqueIdentifier>
    </Filter>
    <Filter Include="superkraft\skxx\module_system\cpp\modules">
      <UniqueIdentifier>{9dc6340a-67df-4f80-b18a-4fad8b3f3e88}</UniqueIdentifier>
    </Filter>
    <Filter Include="superkraft\skxx\module_system\cpp\modules\nodejs">
      <UniqueIdentifier>{6a6d5a76-c53d-4c67-8ef7-61c9ebf61317}</UniqueIdentifier>
    </Filter>
    <Filter Include="superkraft\skxx\module_system\cpp\modules\sk">
      <UniqueIdentifier>{5556207c-6110-40a0-91d3-a69158f30acd}</UniqueIdentifier>
    </Filter>
    <Filter Include="superkraft\skxx\module_system\cpp\modules\sk\nativeActions">
      <UniqueIdentifier>{0856b29a-0e97-447e-9f2a-9bd330564791}</UniqueIdentifier>
    </Filter>
    <Filter Include="superkraft\skxx\module_system\cpp\modules\sk\nativeActions\core">
      <UniqueIdentifier>{281d6df6-b5a4-47f2-b943-eb20894e925e}</UniqueIdentifier>
    </Filter>
    <Filter Include="superkraft\skxx\module_system\cpp\modules\sk\vfs">
      <UniqueIdentifier>{3de16949-ae29-4598-a8bd-68ecf8622290}</UniqueIdentifier>
    </Filter>
    <Filter Include="superkraft\skxx\module_system\cpp\modules\sk\viewMngr">
      <UniqueIdentifier>{56eaa319-e21b-4c48-8240-3a0b8f1fe64d}</UniqueIdentifier>
    </Filter>
    <Filter Include="superkraft\skxx\module_system\web">
      <UniqueIdentifier>{ea337248-d7b6-4ef4-97c0-11facc5d797b}</UniqueIdentifier>
    </Filter>
    <Filter Include="superkraft\skxx\module_system\web\node">
      <UniqueIdentifier>{44ecbc3a-cea7-4f45-9fc9-ab26ac7b0c67}</UniqueIdentifier>
    </Filter>
    <Filter Include="superkraft\skxx\module_system\web\npm">
      <UniqueIdentifier>{0ddd0672-bab4-4db0-aab6-2e33cc1f470b}</UniqueIdentifier>
    </Filter>
    <Filter Include="superkraft\skxx\module_system\web\sk">
      <UniqueIdentifier>{7213d13a-9b46-4bf3-b805-c9878209c453}</UniqueIdentifier>
    </Filter>
    <Filter Include="superkraft\skxx\web">
      <UniqueIdentifier>{69afa27f-e7dc-4f30-b701-2f77a0d15fd6}</UniqueIdentifier>
    </Filter>
    <Filter Include="superkraft\skxx\web\global_js_core">
      <UniqueIdentifier>{0ed6287a-5b89-47a7-a5c9-6a63cb2fab69}</UniqueIdentifier>
    </Filter>
    <Filter Include="superkraft\skxx\web\soft_backend">
      <UniqueIdentifier>{60309fd2-839d-40bc-8193-303329ba660e}</UniqueIdentifier>
    </Filter>
  </ItemGroup>
  <ItemGroup>
    <ResourceCompile Include="..\resources\main.rc">
      <Filter>resources</Filter>
    </ResourceCompile>
  </ItemGroup>
  <ItemGroup>
    <None Include="..\config\IPlugWebUI_SK-ios.xcconfig">
      <Filter>config</Filter>
    </None>
    <None Include="..\config\IPlugWebUI_SK-web.mk">
      <Filter>config</Filter>
    </None>
    <None Include="..\config\IPlugWebUI_SK-mac.xcconfig">
      <Filter>config</Filter>
    </None>
    <None Include="..\config\IPlugWebUI_SK-win.props">
      <Filter>config</Filter>
    </None>
    <None Include="packages.config" />
    <None Include="..\..\..\..\skxx\core\sk_communication\README.md">
      <Filter>superkraft\skxx\core\sk_communication</Filter>
    </None>
    <None Include="..\..\..\..\skxx\module_system\README.md">
      <Filter>superkraft\skxx\module_system</Filter>
    </None>
    <None Include="..\..\..\..\skxx\module_system\web\sk_module.js">
      <Filter>superkraft\skxx\module_system\web</Filter>
    </None>
    <None Include="..\..\..\..\skxx\module_system\web\sk_module_root.js">
      <Filter>superkraft\skxx\module_system\web</Filter>
    </None>
    <None Include="..\..\..\..\skxx\module_system\web\sk\application.js">
      <Filter>superkraft\skxx\module_system\web\sk</Filter>
    </None>
    <None Include="..\..\..\..\skxx\module_system\web\sk\nativeActions.js">
      <Filter>superkraft\skxx\module_system\web\sk</Filter>
    </None>
    <None Include="..\..\..\..\skxx\module_system\web\sk\vfs.js">
      <Filter>superkraft\skxx\module_system\web\sk</Filter>
    </None>
    <None Include="..\..\..\..\skxx\module_system\web\sk\viewMngr.js">
      <Filter>superkraft\skxx\module_system\web\sk</Filter>
    </None>
    <None Include="..\..\..\..\skxx\module_system\web\sk\web.js">
      <Filter>superkraft\skxx\module_system\web\sk</Filter>
    </None>
    <None Include="..\..\..\..\skxx\module_system\web\npm\electron.js">
      <Filter>superkraft\skxx\module_system\web\npm</Filter>
    </None>
    <None Include="..\..\..\..\skxx\module_system\web\npm\fs-extra.js">
      <Filter>superkraft\skxx\module_system\web\npm</Filter>
    </None>
    <None Include="..\..\..\..\skxx\module_system\web\node\child_process.js">
      <Filter>superkraft\skxx\module_system\web\node</Filter>
    </None>
    <None Include="..\..\..\..\skxx\module_system\web\node\fs.js">
      <Filter>superkraft\skxx\module_system\web\node</Filter>
    </None>
    <None Include="..\..\..\..\skxx\module_system\web\node\os.js">
      <Filter>superkraft\skxx\module_system\web\node</Filter>
    </None>
    <None Include="..\..\..\..\skxx\module_system\web\node\path.js">
      <Filter>superkraft\skxx\module_system\web\node</Filter>
    </None>
    <None Include="..\..\..\..\skxx\module_system\web\node\process.js">
      <Filter>superkraft\skxx\module_system\web\node</Filter>
    </None>
    <None Include="..\..\..\..\skxx\web\README.md">
      <Filter>superkraft\skxx\web</Filter>
    </None>
    <None Include="..\..\..\..\skxx\web\soft_backend\sk_sb.html">
      <Filter>superkraft\skxx\web\soft_backend</Filter>
    </None>
    <None Include="..\..\..\..\skxx\web\soft_backend\sk_sb.js">
      <Filter>superkraft\skxx\web\soft_backend</Filter>
    </None>
    <None Include="..\..\..\..\skxx\web\global_js_core\sk_global_js_core.js">
      <Filter>superkraft\skxx\web\global_js_core</Filter>
    </None>
    <None Include="..\..\..\..\skxx\web\global_js_core\sk_ipc.js">
      <Filter>superkraft\skxx\web\global_js_core</Filter>
    </None>
  </ItemGroup>
  <ItemGroup>
    <Image Include="..\resources\IPlugWebUI_SK.ico">
      <Filter>resources</Filter>
    </Image>
  </ItemGroup>
</Project>