<?xml version="1.0" encoding="utf-8"?>
<Project ToolsVersion="4.0" xmlns="http://schemas.microsoft.com/developer/msbuild/2003">
  <ItemGroup>
    <ClCompile Include="..\IPlugWebUI_SK.cpp" />
    <ClCompile Include="..\..\..\IPlug\AAX\IPlugAAX.cpp">
      <Filter>IPlug\AAX</Filter>
    </ClCompile>
    <ClCompile Include="..\..\..\IPlug\AAX\IPlugAAX_Describe.cpp">
      <Filter>IPlug\AAX</Filter>
    </ClCompile>
    <ClCompile Include="..\..\..\IPlug\AAX\IPlugAAX_Parameters.cpp">
      <Filter>IPlug\AAX</Filter>
    </ClCompile>
    <ClCompile Include="..\..\..\Dependencies\IPlug\AAX_SDK\Interfaces\AAX_Exports.cpp">
      <Filter>IPlug\AAX</Filter>
    </ClCompile>
    <ClCompile Include="..\..\..\IPlug\IPlugAPIBase.cpp">
      <Filter>IPlug</Filter>
    </ClCompile>
    <ClCompile Include="..\..\..\IPlug\IPlugParameter.cpp">
      <Filter>IPlug</Filter>
    </ClCompile>
    <ClCompile Include="..\..\..\IPlug\IPlugPaths.cpp">
      <Filter>IPlug</Filter>
    </ClCompile>
    <ClCompile Include="..\..\..\IPlug\IPlugPluginBase.cpp">
      <Filter>IPlug</Filter>
    </ClCompile>
    <ClCompile Include="..\..\..\IPlug\IPlugProcessor.cpp">
      <Filter>IPlug</Filter>
    </ClCompile>
    <ClCompile Include="..\..\..\IPlug\IPlugTimer.cpp">
      <Filter>IPlug</Filter>
    </ClCompile>
    <ClCompile Include="..\..\..\IPlug\Extras\WebView\IPlugWebView.cpp">
      <Filter>IPlug\Extras\WebView</Filter>
    </ClCompile>
    <ClCompile Include="..\..\..\IPlug\Extras\WebView\IPlugWebViewEditorDelegate.cpp">
      <Filter>IPlug\Extras\WebView</Filter>
    </ClCompile>
    <ClCompile Include="..\..\..\IPlug\Extras\WebView\IPlugWebView_win.cpp">
      <Filter>IPlug\Extras\WebView</Filter>
    </ClCompile>
  </ItemGroup>
  <ItemGroup>
    <ClInclude Include="..\IPlugWebUI_SK.h" />
    <ClInclude Include="..\resources\resource.h">
      <Filter>resources</Filter>
    </ClInclude>
    <ClInclude Include="..\..\..\IPlug\AAX\IPlugAAX.h">
      <Filter>IPlug\AAX</Filter>
    </ClInclude>
    <ClInclude Include="..\config.h" />
    <ClInclude Include="..\..\..\IPlug\AAX\IPlugAAX_TaperDelegate.h">
      <Filter>IPlug\AAX</Filter>
    </ClInclude>
    <ClInclude Include="..\..\..\IPlug\AAX\IPlugAAX_Parameters.h">
      <Filter>IPlug\AAX</Filter>
    </ClInclude>
    <ClInclude Include="..\..\..\IPlug\IPlug_include_in_plug_hdr.h">
      <Filter>IPlug</Filter>
    </ClInclude>
    <ClInclude Include="..\..\..\IPlug\IPlug_include_in_plug_src.h">
      <Filter>IPlug</Filter>
    </ClInclude>
    <ClInclude Include="..\..\..\IPlug\IPlugAPIBase.h">
      <Filter>IPlug</Filter>
    </ClInclude>
    <ClInclude Include="..\..\..\IPlug\IPlugConstants.h">
      <Filter>IPlug</Filter>
    </ClInclude>
    <ClInclude Include="..\..\..\IPlug\IPlugDelegate_select.h">
      <Filter>IPlug</Filter>
    </ClInclude>
    <ClInclude Include="..\..\..\IPlug\IPlugEditorDelegate.h">
      <Filter>IPlug</Filter>
    </ClInclude>
    <ClInclude Include="..\..\..\IPlug\IPlugLogger.h">
      <Filter>IPlug</Filter>
    </ClInclude>
    <ClInclude Include="..\..\..\IPlug\IPlugMidi.h">
      <Filter>IPlug</Filter>
    </ClInclude>
    <ClInclude Include="..\..\..\IPlug\IPlugParameter.h">
      <Filter>IPlug</Filter>
    </ClInclude>
    <ClInclude Include="..\..\..\IPlug\IPlugPaths.h">
      <Filter>IPlug</Filter>
    </ClInclude>
    <ClInclude Include="..\..\..\IPlug\IPlugPlatform.h">
      <Filter>IPlug</Filter>
    </ClInclude>
    <ClInclude Include="..\..\..\IPlug\IPlugPluginBase.h">
      <Filter>IPlug</Filter>
    </ClInclude>
    <ClInclude Include="..\..\..\IPlug\IPlugProcessor.h">
      <Filter>IPlug</Filter>
    </ClInclude>
    <ClInclude Include="..\..\..\IPlug\IPlugQueue.h">
      <Filter>IPlug</Filter>
    </ClInclude>
    <ClInclude Include="..\..\..\IPlug\IPlugStructs.h">
      <Filter>IPlug</Filter>
    </ClInclude>
    <ClInclude Include="..\..\..\IPlug\IPlugTimer.h">
      <Filter>IPlug</Filter>
    </ClInclude>
    <ClInclude Include="..\..\..\IPlug\IPlugUtilities.h">
      <Filter>IPlug</Filter>
    </ClInclude>
    <ClInclude Include="..\..\..\IPlug\Extras\WebView\IPlugWebViewEditorDelegate.h">
      <Filter>IPlug\Extras\WebView</Filter>
    </ClInclude>
    <ClInclude Include="..\..\..\IPlug\Extras\WebView\IPlugWebView.h">
      <Filter>IPlug\Extras\WebView</Filter>
    </ClInclude>
    <ClInclude Include="..\..\..\IPlug\ISender.h" />
    <ClInclude Include="..\..\..\..\superkraft\sk_cpp\sk_cpp\sk_common.hxx">
      <Filter>superkraft\sk_cpp</Filter>
    </ClInclude>
    <ClInclude Include="..\..\..\..\superkraft\sk_cpp\sk_cpp\superkraft.hxx">
      <Filter>superkraft\sk_cpp</Filter>
    </ClInclude>
    <ClInclude Include="..\..\..\..\superkraft\sk_cpp\sk_cpp\utils\sk_str_utils.hxx">
      <Filter>superkraft\sk_cpp\utils</Filter>
    </ClInclude>
    <ClInclude Include="..\..\..\..\superkraft\sk_cpp\sk_cpp\sk_webview\sk_webview_resourceHandler\sk_webview_resourceHandler.hxx">
      <Filter>superkraft\sk_cpp\sk_webview\sk_webview_resourceHandler</Filter>
    </ClInclude>
    <ClInclude Include="..\..\..\..\superkraft\sk_cpp\sk_cpp\sk_webview\sk_webview_resourceHandler\sk_webview_resourceHandler_windows.hxx">
      <Filter>superkraft\sk_cpp\sk_webview\sk_webview_resourceHandler</Filter>
    </ClInclude>
    <ClInclude Include="..\..\..\..\superkraft\sk_cpp\libs\general\choc\choc_StringUtilities.h">
      <Filter>superkraft\sk_cpp\libs\general\choc</Filter>
    </ClInclude>
  </ItemGroup>
  <ItemGroup>
    <Filter Include="resources">
      <UniqueIdentifier>{a579504a-f161-47bd-bd30-7f18317f0e93}</UniqueIdentifier>
    </Filter>
    <Filter Include="IPlug">
      <UniqueIdentifier>{047ecfad-1a55-49a2-8621-1a4ad2905606}</UniqueIdentifier>
    </Filter>
    <Filter Include="IPlug\AAX">
      <UniqueIdentifier>{1fc481f5-85f5-43e6-924f-2be0689a4710}</UniqueIdentifier>
    </Filter>
    <Filter Include="config">
      <UniqueIdentifier>{464e659e-834a-453a-9150-dbaf783f8307}</UniqueIdentifier>
    </Filter>
    <Filter Include="IPlug\Extras">
      <UniqueIdentifier>{8dd2cb02-24a2-435a-b046-2d75e4e3bf7a}</UniqueIdentifier>
    </Filter>
    <Filter Include="IPlug\Extras\WebView">
      <UniqueIdentifier>{abdec6a8-36a1-4bdf-886a-455571770c64}</UniqueIdentifier>
    </Filter>
    <Filter Include="superkraft">
      <UniqueIdentifier>{3ea387c4-c2bc-4bb6-b913-f2002b0a2a4e}</UniqueIdentifier>
    </Filter>
    <Filter Include="superkraft\sk_cpp">
      <UniqueIdentifier>{09c5b254-996a-4b03-b939-e4a1198949e0}</UniqueIdentifier>
    </Filter>
    <Filter Include="superkraft\sk_cpp\utils">
      <UniqueIdentifier>{75e2a7c2-c062-40ec-8882-7335b0606ebe}</UniqueIdentifier>
    </Filter>
    <Filter Include="superkraft\sk_cpp\sk_webview">
      <UniqueIdentifier>{a2487093-ede9-41c6-ba01-094f8ba9162e}</UniqueIdentifier>
    </Filter>
    <Filter Include="superkraft\sk_cpp\sk_webview\sk_webview_resourceHandler">
      <UniqueIdentifier>{4dd94f7f-7f07-4874-899a-ab6f27a976a3}</UniqueIdentifier>
    </Filter>
    <Filter Include="superkraft\sk_cpp\libs">
      <UniqueIdentifier>{0b15feae-3c58-44db-a5b4-7d6ef8b1db92}</UniqueIdentifier>
    </Filter>
    <Filter Include="superkraft\sk_cpp\libs\general">
      <UniqueIdentifier>{2a66d93d-825f-4847-8e95-874c2a19a339}</UniqueIdentifier>
    </Filter>
    <Filter Include="superkraft\sk_cpp\libs\general\choc">
      <UniqueIdentifier>{b0e367bb-2108-4682-98b6-e1cbe2891550}</UniqueIdentifier>
    </Filter>
  </ItemGroup>
  <ItemGroup>
    <ResourceCompile Include="..\resources\main.rc">
      <Filter>resources</Filter>
    </ResourceCompile>
  </ItemGroup>
  <ItemGroup>
    <None Include="..\config\IPlugWebUI_SK-ios.xcconfig">
      <Filter>config</Filter>
    </None>
    <None Include="..\config\IPlugWebUI_SK-web.mk">
      <Filter>config</Filter>
    </None>
    <None Include="..\config\IPlugWebUI_SK-win.props">
      <Filter>config</Filter>
    </None>
    <None Include="..\config\IPlugWebUI_SK-mac.xcconfig">
      <Filter>config</Filter>
    </None>
    <None Include="packages.config" />
  </ItemGroup>
  <ItemGroup>
    <Natvis Include="$(MSBuildThisFileDirectory)..\..\natvis\wil.natvis" />
  </ItemGroup>
</Project>