<?xml version="1.0" encoding="utf-8"?>
<Project ToolsVersion="4.0" xmlns="http://schemas.microsoft.com/developer/msbuild/2003">
  <ItemGroup>
    <ClCompile Include="..\IPlugWebUI_SK.cpp" />
    <ClCompile Include="..\..\..\IPlug\IPlugAPIBase.cpp">
      <Filter>IPlug</Filter>
    </ClCompile>
    <ClCompile Include="..\..\..\IPlug\IPlugParameter.cpp">
      <Filter>IPlug</Filter>
    </ClCompile>
    <ClCompile Include="..\..\..\IPlug\IPlugPluginBase.cpp">
      <Filter>IPlug</Filter>
    </ClCompile>
    <ClCompile Include="..\..\..\IPlug\IPlugProcessor.cpp">
      <Filter>IPlug</Filter>
    </ClCompile>
    <ClCompile Include="..\..\..\IPlug\IPlugTimer.cpp">
      <Filter>IPlug</Filter>
    </ClCompile>
    <ClCompile Include="..\..\..\Dependencies\IPlug\VST3_SDK\public.sdk\source\vst\vstaudioeffect.cpp">
      <Filter>IPlug\VST3\VST3_SDK\public.sdk\source\vst</Filter>
    </ClCompile>
    <ClCompile Include="..\..\..\Dependencies\IPlug\VST3_SDK\public.sdk\source\vst\vstbus.cpp">
      <Filter>IPlug\VST3\VST3_SDK\public.sdk\source\vst</Filter>
    </ClCompile>
    <ClCompile Include="..\..\..\Dependencies\IPlug\VST3_SDK\public.sdk\source\vst\vstcomponent.cpp">
      <Filter>IPlug\VST3\VST3_SDK\public.sdk\source\vst</Filter>
    </ClCompile>
    <ClCompile Include="..\..\..\Dependencies\IPlug\VST3_SDK\public.sdk\source\vst\vstcomponentbase.cpp">
      <Filter>IPlug\VST3\VST3_SDK\public.sdk\source\vst</Filter>
    </ClCompile>
    <ClCompile Include="..\..\..\Dependencies\IPlug\VST3_SDK\public.sdk\source\vst\vstinitiids.cpp">
      <Filter>IPlug\VST3\VST3_SDK\public.sdk\source\vst</Filter>
    </ClCompile>
    <ClCompile Include="..\..\..\Dependencies\IPlug\VST3_SDK\public.sdk\source\vst\vstparameters.cpp">
      <Filter>IPlug\VST3\VST3_SDK\public.sdk\source\vst</Filter>
    </ClCompile>
    <ClCompile Include="..\..\..\Dependencies\IPlug\VST3_SDK\public.sdk\source\vst\vstsinglecomponenteffect.cpp">
      <Filter>IPlug\VST3\VST3_SDK\public.sdk\source\vst</Filter>
    </ClCompile>
    <ClCompile Include="..\..\..\Dependencies\IPlug\VST3_SDK\public.sdk\source\common\pluginview.cpp">
      <Filter>IPlug\VST3\VST3_SDK\public.sdk\common</Filter>
    </ClCompile>
    <ClCompile Include="..\..\..\Dependencies\IPlug\VST3_SDK\public.sdk\source\common\memorystream.cpp">
      <Filter>IPlug\VST3\VST3_SDK\public.sdk\common</Filter>
    </ClCompile>
    <ClCompile Include="..\..\..\Dependencies\IPlug\VST3_SDK\public.sdk\source\main\dllmain.cpp">
      <Filter>IPlug\VST3\VST3_SDK\public.sdk\main</Filter>
    </ClCompile>
    <ClCompile Include="..\..\..\Dependencies\IPlug\VST3_SDK\base\source\baseiids.cpp">
      <Filter>IPlug\VST3\VST3_SDK\base\source</Filter>
    </ClCompile>
    <ClCompile Include="..\..\..\Dependencies\IPlug\VST3_SDK\base\source\fbuffer.cpp">
      <Filter>IPlug\VST3\VST3_SDK\base\source</Filter>
    </ClCompile>
    <ClCompile Include="..\..\..\Dependencies\IPlug\VST3_SDK\base\source\fdebug.cpp">
      <Filter>IPlug\VST3\VST3_SDK\base\source</Filter>
    </ClCompile>
    <ClCompile Include="..\..\..\Dependencies\IPlug\VST3_SDK\base\source\fdynlib.cpp">
      <Filter>IPlug\VST3\VST3_SDK\base\source</Filter>
    </ClCompile>
    <ClCompile Include="..\..\..\Dependencies\IPlug\VST3_SDK\base\source\fobject.cpp">
      <Filter>IPlug\VST3\VST3_SDK\base\source</Filter>
    </ClCompile>
    <ClCompile Include="..\..\..\Dependencies\IPlug\VST3_SDK\base\source\fstreamer.cpp">
      <Filter>IPlug\VST3\VST3_SDK\base\source</Filter>
    </ClCompile>
    <ClCompile Include="..\..\..\Dependencies\IPlug\VST3_SDK\base\source\fstring.cpp">
      <Filter>IPlug\VST3\VST3_SDK\base\source</Filter>
    </ClCompile>
    <ClCompile Include="..\..\..\Dependencies\IPlug\VST3_SDK\base\source\timer.cpp">
      <Filter>IPlug\VST3\VST3_SDK\base\source</Filter>
    </ClCompile>
    <ClCompile Include="..\..\..\Dependencies\IPlug\VST3_SDK\base\source\updatehandler.cpp">
      <Filter>IPlug\VST3\VST3_SDK\base\source</Filter>
    </ClCompile>
    <ClCompile Include="..\..\..\Dependencies\IPlug\VST3_SDK\base\thread\source\flock.cpp">
      <Filter>IPlug\VST3\VST3_SDK\base\thread</Filter>
    </ClCompile>
    <ClCompile Include="..\..\..\Dependencies\IPlug\VST3_SDK\base\thread\source\fcondition.cpp">
      <Filter>IPlug\VST3\VST3_SDK\base\thread</Filter>
    </ClCompile>
    <ClCompile Include="..\..\..\Dependencies\IPlug\VST3_SDK\pluginterfaces\base\conststringtable.cpp">
      <Filter>IPlug\VST3\VST3_SDK\plugininterfaces\base</Filter>
    </ClCompile>
    <ClCompile Include="..\..\..\Dependencies\IPlug\VST3_SDK\pluginterfaces\base\coreiids.cpp">
      <Filter>IPlug\VST3\VST3_SDK\plugininterfaces\base</Filter>
    </ClCompile>
    <ClCompile Include="..\..\..\Dependencies\IPlug\VST3_SDK\pluginterfaces\base\funknown.cpp">
      <Filter>IPlug\VST3\VST3_SDK\plugininterfaces\base</Filter>
    </ClCompile>
    <ClCompile Include="..\..\..\Dependencies\IPlug\VST3_SDK\pluginterfaces\base\ustring.cpp">
      <Filter>IPlug\VST3\VST3_SDK\plugininterfaces\base</Filter>
    </ClCompile>
    <ClCompile Include="..\..\..\Dependencies\IPlug\VST3_SDK\public.sdk\source\main\pluginfactory.cpp">
      <Filter>IPlug\VST3\VST3_SDK\public.sdk\main</Filter>
    </ClCompile>
    <ClCompile Include="..\..\..\IPlug\IPlugPaths.cpp">
      <Filter>IPlug</Filter>
    </ClCompile>
    <ClCompile Include="..\..\..\IPlug\VST3\IPlugVST3.cpp">
      <Filter>IPlug\VST3</Filter>
    </ClCompile>
    <ClCompile Include="..\..\..\IPlug\VST3\IPlugVST3_ProcessorBase.cpp">
      <Filter>IPlug\VST3</Filter>
    </ClCompile>
    <ClCompile Include="..\..\..\Dependencies\IPlug\VST3_SDK\public.sdk\source\common\commoniids.cpp">
      <Filter>IPlug\VST3\VST3_SDK\public.sdk\common</Filter>
    </ClCompile>
    <ClCompile Include="..\..\..\IPlug\Extras\WebView\IPlugWebViewEditorDelegate.cpp">
      <Filter>IPlug\Extras\WebView</Filter>
    </ClCompile>
    <ClCompile Include="..\..\..\IPlug\Extras\WebView\IPlugWebView_win.cpp">
      <Filter>IPlug\Extras\WebView</Filter>
    </ClCompile>
    <ClCompile Include="..\..\..\IPlug\Extras\WebView\IPlugWebView.cpp">
      <Filter>IPlug\Extras\WebView</Filter>
    </ClCompile>
  </ItemGroup>
  <ItemGroup>
    <ClInclude Include="../config.h" />
    <ClInclude Include="..\IPlugWebUI_SK.h" />
    <ClInclude Include="..\resources\resource.h">
      <Filter>resources</Filter>
    </ClInclude>
    <ClInclude Include="..\..\..\IPlug\IPlugAPIBase.h">
      <Filter>IPlug</Filter>
    </ClInclude>
    <ClInclude Include="..\..\..\IPlug\IPlugConstants.h">
      <Filter>IPlug</Filter>
    </ClInclude>
    <ClInclude Include="..\..\..\IPlug\IPlugEditorDelegate.h">
      <Filter>IPlug</Filter>
    </ClInclude>
    <ClInclude Include="..\..\..\IPlug\IPlugLogger.h">
      <Filter>IPlug</Filter>
    </ClInclude>
    <ClInclude Include="..\..\..\IPlug\IPlugMidi.h">
      <Filter>IPlug</Filter>
    </ClInclude>
    <ClInclude Include="..\..\..\IPlug\IPlugPlatform.h">
      <Filter>IPlug</Filter>
    </ClInclude>
    <ClInclude Include="..\..\..\IPlug\IPlugParameter.h">
      <Filter>IPlug</Filter>
    </ClInclude>
    <ClInclude Include="..\..\..\IPlug\IPlugProcessor.h">
      <Filter>IPlug</Filter>
    </ClInclude>
    <ClInclude Include="..\..\..\IPlug\IPlugStructs.h">
      <Filter>IPlug</Filter>
    </ClInclude>
    <ClInclude Include="..\..\..\IPlug\IPlugTimer.h">
      <Filter>IPlug</Filter>
    </ClInclude>
    <ClInclude Include="..\..\..\IPlug\IPlugUtilities.h">
      <Filter>IPlug</Filter>
    </ClInclude>
    <ClInclude Include="..\..\..\IPlug\IPlug_include_in_plug_hdr.h">
      <Filter>IPlug</Filter>
    </ClInclude>
    <ClInclude Include="..\..\..\IPlug\IPlug_include_in_plug_src.h">
      <Filter>IPlug</Filter>
    </ClInclude>
    <ClInclude Include="..\..\..\Dependencies\IPlug\VST3_SDK\public.sdk\source\vst\vstsinglecomponenteffect.h">
      <Filter>IPlug\VST3\VST3_SDK\public.sdk\source\vst</Filter>
    </ClInclude>
    <ClInclude Include="..\..\..\Dependencies\IPlug\VST3_SDK\public.sdk\source\vst\vstaudioeffect.h">
      <Filter>IPlug\VST3\VST3_SDK\public.sdk\source\vst</Filter>
    </ClInclude>
    <ClInclude Include="..\..\..\Dependencies\IPlug\VST3_SDK\public.sdk\source\vst\vstbus.h">
      <Filter>IPlug\VST3\VST3_SDK\public.sdk\source\vst</Filter>
    </ClInclude>
    <ClInclude Include="..\..\..\Dependencies\IPlug\VST3_SDK\public.sdk\source\vst\vstcomponent.h">
      <Filter>IPlug\VST3\VST3_SDK\public.sdk\source\vst</Filter>
    </ClInclude>
    <ClInclude Include="..\..\..\Dependencies\IPlug\VST3_SDK\public.sdk\source\vst\vstcomponentbase.h">
      <Filter>IPlug\VST3\VST3_SDK\public.sdk\source\vst</Filter>
    </ClInclude>
    <ClInclude Include="..\..\..\Dependencies\IPlug\VST3_SDK\public.sdk\source\vst\vstparameters.h">
      <Filter>IPlug\VST3\VST3_SDK\public.sdk\source\vst</Filter>
    </ClInclude>
    <ClInclude Include="..\..\..\Dependencies\IPlug\VST3_SDK\public.sdk\source\common\pluginview.h">
      <Filter>IPlug\VST3\VST3_SDK\public.sdk\common</Filter>
    </ClInclude>
    <ClInclude Include="..\..\..\Dependencies\IPlug\VST3_SDK\public.sdk\source\common\memorystream.h">
      <Filter>IPlug\VST3\VST3_SDK\public.sdk\common</Filter>
    </ClInclude>
    <ClInclude Include="..\..\..\Dependencies\IPlug\VST3_SDK\base\source\classfactoryhelpers.h">
      <Filter>IPlug\VST3\VST3_SDK\base\source</Filter>
    </ClInclude>
    <ClInclude Include="..\..\..\Dependencies\IPlug\VST3_SDK\base\source\fbuffer.h">
      <Filter>IPlug\VST3\VST3_SDK\base\source</Filter>
    </ClInclude>
    <ClInclude Include="..\..\..\Dependencies\IPlug\VST3_SDK\base\source\fcleanup.h">
      <Filter>IPlug\VST3\VST3_SDK\base\source</Filter>
    </ClInclude>
    <ClInclude Include="..\..\..\Dependencies\IPlug\VST3_SDK\base\source\fcommandline.h">
      <Filter>IPlug\VST3\VST3_SDK\base\source</Filter>
    </ClInclude>
    <ClInclude Include="..\..\..\Dependencies\IPlug\VST3_SDK\base\source\fdebug.h">
      <Filter>IPlug\VST3\VST3_SDK\base\source</Filter>
    </ClInclude>
    <ClInclude Include="..\..\..\Dependencies\IPlug\VST3_SDK\base\source\fdynlib.h">
      <Filter>IPlug\VST3\VST3_SDK\base\source</Filter>
    </ClInclude>
    <ClInclude Include="..\..\..\Dependencies\IPlug\VST3_SDK\base\source\fobject.h">
      <Filter>IPlug\VST3\VST3_SDK\base\source</Filter>
    </ClInclude>
    <ClInclude Include="..\..\..\Dependencies\IPlug\VST3_SDK\base\source\fstdmethods.h">
      <Filter>IPlug\VST3\VST3_SDK\base\source</Filter>
    </ClInclude>
    <ClInclude Include="..\..\..\Dependencies\IPlug\VST3_SDK\base\source\fstreamer.h">
      <Filter>IPlug\VST3\VST3_SDK\base\source</Filter>
    </ClInclude>
    <ClInclude Include="..\..\..\Dependencies\IPlug\VST3_SDK\base\source\fstring.h">
      <Filter>IPlug\VST3\VST3_SDK\base\source</Filter>
    </ClInclude>
    <ClInclude Include="..\..\..\Dependencies\IPlug\VST3_SDK\base\source\hexbinary.h">
      <Filter>IPlug\VST3\VST3_SDK\base\source</Filter>
    </ClInclude>
    <ClInclude Include="..\..\..\Dependencies\IPlug\VST3_SDK\base\source\timer.h">
      <Filter>IPlug\VST3\VST3_SDK\base\source</Filter>
    </ClInclude>
    <ClInclude Include="..\..\..\Dependencies\IPlug\VST3_SDK\base\source\updatehandler.h">
      <Filter>IPlug\VST3\VST3_SDK\base\source</Filter>
    </ClInclude>
    <ClInclude Include="..\..\..\Dependencies\IPlug\VST3_SDK\pluginterfaces\base\ustring.h">
      <Filter>IPlug\VST3\VST3_SDK\plugininterfaces\base</Filter>
    </ClInclude>
    <ClInclude Include="..\..\..\Dependencies\IPlug\VST3_SDK\pluginterfaces\base\conststringtable.h">
      <Filter>IPlug\VST3\VST3_SDK\plugininterfaces\base</Filter>
    </ClInclude>
    <ClInclude Include="..\..\..\Dependencies\IPlug\VST3_SDK\pluginterfaces\base\funknown.h">
      <Filter>IPlug\VST3\VST3_SDK\plugininterfaces\base</Filter>
    </ClInclude>
    <ClInclude Include="..\..\..\IPlug\IPlugPaths.h">
      <Filter>IPlug</Filter>
    </ClInclude>
    <ClInclude Include="..\..\..\IPlug\VST3\IPlugVST3.h">
      <Filter>IPlug\VST3</Filter>
    </ClInclude>
    <ClInclude Include="..\..\..\IPlug\VST3\IPlugVST3_Common.h">
      <Filter>IPlug\VST3</Filter>
    </ClInclude>
    <ClInclude Include="..\..\..\IPlug\VST3\IPlugVST3_ControllerBase.h">
      <Filter>IPlug\VST3</Filter>
    </ClInclude>
    <ClInclude Include="..\..\..\IPlug\VST3\IPlugVST3_Parameter.h">
      <Filter>IPlug\VST3</Filter>
    </ClInclude>
    <ClInclude Include="..\..\..\IPlug\VST3\IPlugVST3_ProcessorBase.h">
      <Filter>IPlug\VST3</Filter>
    </ClInclude>
    <ClInclude Include="..\..\..\IPlug\VST3\IPlugVST3_View.h">
      <Filter>IPlug\VST3</Filter>
    </ClInclude>
    <ClInclude Include="..\..\..\IPlug\IPlugPluginBase.h">
      <Filter>IPlug</Filter>
    </ClInclude>
    <ClInclude Include="..\..\..\IPlug\Extras\WebView\IPlugWebViewEditorDelegate.h">
      <Filter>IPlug\Extras\WebView</Filter>
    </ClInclude>
    <ClInclude Include="..\..\..\IPlug\Extras\WebView\IPlugWebView.h">
      <Filter>IPlug\Extras\WebView</Filter>
    </ClInclude>
    <ClInclude Include="..\..\..\IPlug\ISender.h" />
    <ClInclude Include="..\..\..\..\skxx\core\sk_callbacks.hpp">
      <Filter>project\skxx\core</Filter>
    </ClInclude>
    <ClInclude Include="..\..\..\..\skxx\core\sk_common.hpp">
      <Filter>project\skxx\core</Filter>
    </ClInclude>
    <ClInclude Include="..\..\..\..\skxx\core\sk_include.h">
      <Filter>project\skxx\core</Filter>
    </ClInclude>
    <ClInclude Include="..\..\..\..\skxx\core\sk_include_core.h">
      <Filter>project\skxx\core</Filter>
    </ClInclude>
    <ClInclude Include="..\..\..\..\skxx\core\sk_var.hpp">
      <Filter>project\skxx\core</Filter>
    </ClInclude>
    <ClInclude Include="..\..\..\..\skxx\core\superkraft.hpp">
      <Filter>project\skxx\core</Filter>
    </ClInclude>
    <ClInclude Include="..\..\..\..\skxx\core\sk_communication\sk_communication.hpp">
      <Filter>project\skxx\core\sk_communication</Filter>
    </ClInclude>
    <ClInclude Include="..\..\..\..\skxx\core\sk_communication\sk_communication_packet.hpp">
      <Filter>project\skxx\core\sk_communication</Filter>
    </ClInclude>
    <ClInclude Include="..\..\..\..\skxx\core\sk_communication\sk_communication_response.hpp">
      <Filter>project\skxx\core\sk_communication</Filter>
    </ClInclude>
    <ClInclude Include="..\..\..\..\skxx\core\sk_ipc\sk_ipc_v2.hpp">
      <Filter>project\skxx\core\sk_ipc</Filter>
    </ClInclude>
    <ClInclude Include="..\..\..\..\skxx\core\sk_json\sk_json_callback.hpp">
      <Filter>project\skxx\core\sk_json</Filter>
    </ClInclude>
    <ClInclude Include="..\..\..\..\skxx\core\sk_profiler\sk_profiler.hpp">
      <Filter>project\skxx\core\sk_profiler</Filter>
    </ClInclude>
    <ClInclude Include="..\..\..\..\skxx\core\sk_threads\sk_thread_pool.hpp">
      <Filter>project\skxx\core\sk_threads</Filter>
    </ClInclude>
    <ClInclude Include="..\..\..\..\skxx\core\sk_web\sk_curl.hpp">
      <Filter>project\skxx\core\sk_web</Filter>
    </ClInclude>
    <ClInclude Include="..\..\..\..\skxx\core\sk_web\sk_web_utils.hpp">
      <Filter>project\skxx\core\sk_web</Filter>
    </ClInclude>
    <ClInclude Include="..\..\..\..\skxx\core\sk_webview\sk_webview.h">
      <Filter>project\skxx\core\sk_webview</Filter>
    </ClInclude>
    <ClInclude Include="..\..\..\..\skxx\core\sk_webview\windows\sk_webview_windows.hpp">
      <Filter>project\skxx\core\sk_webview\windows</Filter>
    </ClInclude>
    <ClInclude Include="..\..\..\..\skxx\core\sk_webview_initializer\sk_webview_initializer.hpp">
      <Filter>project\skxx\core\sk_webview_initializer</Filter>
    </ClInclude>
    <ClInclude Include="..\..\..\..\skxx\core\sk_window_mngr\sk_window_mngr.hpp">
      <Filter>project\skxx\core\sk_window_mngr</Filter>
    </ClInclude>
    <ClInclude Include="..\..\..\..\skxx\core\sk_window_mngr\root\sk_window_root.hpp">
      <Filter>project\skxx\core\sk_window_mngr\root</Filter>
    </ClInclude>
    <ClInclude Include="..\..\..\..\skxx\core\sk_window_mngr\windows\sk_window_windows.hpp">
      <Filter>project\skxx\core\sk_window_mngr\windows</Filter>
    </ClInclude>
    <ClInclude Include="..\..\..\..\skxx\core\utils\sk_array.hpp">
      <Filter>project\skxx\core\utils</Filter>
    </ClInclude>
    <ClInclude Include="..\..\..\..\skxx\core\utils\sk_color.hpp">
      <Filter>project\skxx\core\utils</Filter>
    </ClInclude>
    <ClInclude Include="..\..\..\..\skxx\core\utils\sk_datetime.hpp">
      <Filter>project\skxx\core\utils</Filter>
    </ClInclude>
    <ClInclude Include="..\..\..\..\skxx\core\utils\sk_file.hpp">
      <Filter>project\skxx\core\utils</Filter>
    </ClInclude>
    <ClInclude Include="..\..\..\..\skxx\core\utils\sk_json.hpp">
      <Filter>project\skxx\core\utils</Filter>
    </ClInclude>
    <ClInclude Include="..\..\..\..\skxx\core\utils\sk_logger.h">
      <Filter>project\skxx\core\utils</Filter>
    </ClInclude>
    <ClInclude Include="..\..\..\..\skxx\core\utils\sk_machine.hpp">
      <Filter>project\skxx\core\utils</Filter>
    </ClInclude>
    <ClInclude Include="..\..\..\..\skxx\core\utils\sk_number.hpp">
      <Filter>project\skxx\core\utils</Filter>
    </ClInclude>
    <ClInclude Include="..\..\..\..\skxx\core\utils\sk_path_utils.hpp">
      <Filter>project\skxx\core\utils</Filter>
    </ClInclude>
    <ClInclude Include="..\..\..\..\skxx\core\utils\sk_point.hpp">
      <Filter>project\skxx\core\utils</Filter>
    </ClInclude>
    <ClInclude Include="..\..\..\..\skxx\core\utils\sk_string.h">
      <Filter>project\skxx\core\utils</Filter>
    </ClInclude>
    <ClInclude Include="..\..\..\..\skxx\core\utils\sk_str_utils.hpp">
      <Filter>project\skxx\core\utils</Filter>
    </ClInclude>
    <ClInclude Include="..\..\..\..\skxx\core\sk_app\sk_app_initializer.h">
      <Filter>project\skxx\core\sk_app</Filter>
    </ClInclude>
    <ClInclude Include="..\..\..\..\skxx\module_system\sk_module_system.hpp">
      <Filter>project\skxx\module_system</Filter>
    </ClInclude>
    <ClInclude Include="..\..\..\..\skxx\module_system\cpp\sk_module_base_class.hpp">
      <Filter>project\skxx\module_system\cpp</Filter>
    </ClInclude>
    <ClInclude Include="..\..\..\..\skxx\module_system\cpp\modules\nodejs\sk_ms_nodejs_fs.hpp">
      <Filter>project\skxx\module_system\cpp\modules\nodejs</Filter>
    </ClInclude>
    <ClInclude Include="..\..\..\..\skxx\module_system\cpp\modules\nodejs\sk_ms_nodejs_os.hpp">
      <Filter>project\skxx\module_system\cpp\modules\nodejs</Filter>
    </ClInclude>
    <ClInclude Include="..\..\..\..\skxx\module_system\cpp\modules\sk\sk_ms_application.hpp">
      <Filter>project\skxx\module_system\cpp\modules\sk</Filter>
    </ClInclude>
    <ClInclude Include="..\..\..\..\skxx\module_system\cpp\modules\sk\sk_ms_bdfs.hpp">
      <Filter>project\skxx\module_system\cpp\modules\sk</Filter>
    </ClInclude>
    <ClInclude Include="..\..\..\..\skxx\module_system\cpp\modules\sk\sk_ms_debugMngr.hpp">
      <Filter>project\skxx\module_system\cpp\modules\sk</Filter>
    </ClInclude>
    <ClInclude Include="..\..\..\..\skxx\module_system\cpp\modules\sk\sk_ms_web.hpp">
      <Filter>project\skxx\module_system\cpp\modules\sk</Filter>
    </ClInclude>
    <ClInclude Include="..\..\..\..\skxx\module_system\cpp\modules\sk\nativeActions\sk_ms_nativeActions.hpp">
      <Filter>project\skxx\module_system\cpp\modules\sk\nativeActions</Filter>
    </ClInclude>
    <ClInclude Include="..\..\..\..\skxx\module_system\cpp\modules\sk\nativeActions\sk_nativeAction_root.hpp">
      <Filter>project\skxx\module_system\cpp\modules\sk\nativeActions</Filter>
    </ClInclude>
    <ClInclude Include="..\..\..\..\skxx\module_system\cpp\modules\sk\nativeActions\core\sk_ms_cNA_handleParamMouseEvent.hpp">
      <Filter>project\skxx\module_system\cpp\modules\sk\nativeActions\core</Filter>
    </ClInclude>
    <ClInclude Include="..\..\..\..\skxx\module_system\cpp\modules\sk\protonjs\sk_ms_protonjs.hpp">
      <Filter>project\skxx\module_system\cpp\modules\sk\protonjs</Filter>
    </ClInclude>
    <ClInclude Include="..\..\..\..\skxx\module_system\cpp\modules\sk\protonjs\sk_ms_protonjs_app.hpp">
      <Filter>project\skxx\module_system\cpp\modules\sk\protonjs</Filter>
    </ClInclude>
    <ClInclude Include="..\..\..\..\skxx\module_system\cpp\modules\sk\protonjs\sk_ms_protonjs_native_image.hpp">
      <Filter>project\skxx\module_system\cpp\modules\sk\protonjs</Filter>
    </ClInclude>
    <ClInclude Include="..\..\..\..\skxx\module_system\cpp\modules\sk\protonjs\sk_ms_protonjs_window.hpp">
      <Filter>project\skxx\module_system\cpp\modules\sk\protonjs</Filter>
    </ClInclude>
    <ClInclude Include="..\..\..\..\skxx\module_system\cpp\modules\sk\vfs\sk_ms_vfs.hpp">
      <Filter>project\skxx\module_system\cpp\modules\sk\vfs</Filter>
    </ClInclude>
    <ClInclude Include="..\..\..\..\skxx\module_system\cpp\modules\sk\vfs\sk_ms_vfs_file.hpp">
      <Filter>project\skxx\module_system\cpp\modules\sk\vfs</Filter>
    </ClInclude>
  </ItemGroup>
  <ItemGroup>
    <Filter Include="resources">
      <UniqueIdentifier>{74cd52f2-b3b1-45bf-b24a-5e60e66b70de}</UniqueIdentifier>
    </Filter>
    <Filter Include="IPlug">
      <UniqueIdentifier>{40c50427-6a81-4d1f-a6f2-9712d345f626}</UniqueIdentifier>
    </Filter>
    <Filter Include="IPlug\VST3">
      <UniqueIdentifier>{5674951e-0cfd-4a71-98fb-050914b34427}</UniqueIdentifier>
    </Filter>
    <Filter Include="config">
      <UniqueIdentifier>{0ce889c3-9b8a-47b9-a9b5-7592348bc27f}</UniqueIdentifier>
    </Filter>
    <Filter Include="IPlug\VST3\VST3_SDK">
      <UniqueIdentifier>{8457d487-cc95-4187-8e99-6facd217dbb7}</UniqueIdentifier>
    </Filter>
    <Filter Include="IPlug\VST3\VST3_SDK\public.sdk">
      <UniqueIdentifier>{83eddda9-c0ea-4a0b-8284-96f69457fe1b}</UniqueIdentifier>
    </Filter>
    <Filter Include="IPlug\VST3\VST3_SDK\public.sdk\source">
      <UniqueIdentifier>{39d846c5-987a-47dd-91cf-2f2597941322}</UniqueIdentifier>
    </Filter>
    <Filter Include="IPlug\VST3\VST3_SDK\public.sdk\source\vst">
      <UniqueIdentifier>{74bb45ba-50e1-46de-9c6b-36982331323d}</UniqueIdentifier>
    </Filter>
    <Filter Include="IPlug\VST3\VST3_SDK\public.sdk\common">
      <UniqueIdentifier>{4b025091-9604-4830-a801-2e1c91f1b530}</UniqueIdentifier>
    </Filter>
    <Filter Include="IPlug\VST3\VST3_SDK\public.sdk\main">
      <UniqueIdentifier>{484d9499-9db1-417e-ba3c-35923fadb8a0}</UniqueIdentifier>
    </Filter>
    <Filter Include="IPlug\VST3\VST3_SDK\base">
      <UniqueIdentifier>{b64fe767-cc95-4b70-843d-749bfc5959e5}</UniqueIdentifier>
    </Filter>
    <Filter Include="IPlug\VST3\VST3_SDK\base\source">
      <UniqueIdentifier>{871d9f00-37c1-41ca-bf40-c6a6a7bc1ef6}</UniqueIdentifier>
    </Filter>
    <Filter Include="IPlug\VST3\VST3_SDK\base\thread">
      <UniqueIdentifier>{a1c931f7-ef7d-4782-b829-bd5e4a923d60}</UniqueIdentifier>
    </Filter>
    <Filter Include="IPlug\VST3\VST3_SDK\plugininterfaces">
      <UniqueIdentifier>{b3729aae-833f-4cac-a6a3-5ed2f3f4b108}</UniqueIdentifier>
    </Filter>
    <Filter Include="IPlug\VST3\VST3_SDK\plugininterfaces\base">
      <UniqueIdentifier>{5f06b03e-5093-46c0-9513-efb4e494c857}</UniqueIdentifier>
    </Filter>
    <Filter Include="IPlug\Extras">
      <UniqueIdentifier>{6f22f9e7-9941-4ff1-8b67-b070bbba47f4}</UniqueIdentifier>
    </Filter>
    <Filter Include="IPlug\Extras\WebView">
      <UniqueIdentifier>{208b5a1d-9e44-4998-8311-ef027a7f18ee}</UniqueIdentifier>
    </Filter>
    <Filter Include="project">
      <UniqueIdentifier>{af710ee5-d3b3-4cec-bd3b-eaa34f82817d}</UniqueIdentifier>
    </Filter>
    <Filter Include="project\skxx">
      <UniqueIdentifier>{03d39ff2-9500-4b2e-a8bb-430ae4795347}</UniqueIdentifier>
    </Filter>
    <Filter Include="project\skxx\web">
      <UniqueIdentifier>{dd9e7085-5e2c-4143-8c5a-22adebbdc38c}</UniqueIdentifier>
    </Filter>
    <Filter Include="project\skxx\web\global_js_core">
      <UniqueIdentifier>{38e668b8-ca48-4c97-a577-bd375f8a755b}</UniqueIdentifier>
    </Filter>
    <Filter Include="project\skxx\web\soft_backend">
      <UniqueIdentifier>{b5cdfd38-4f16-4297-aef8-e3bbebfbe017}</UniqueIdentifier>
    </Filter>
    <Filter Include="project\skxx\core">
      <UniqueIdentifier>{e6da2016-ccbb-4792-bbc0-07e3ee25de0c}</UniqueIdentifier>
    </Filter>
    <Filter Include="project\skxx\core\sk_communication">
      <UniqueIdentifier>{bbe1117f-6270-4f85-a0b4-fec631e0450d}</UniqueIdentifier>
    </Filter>
    <Filter Include="project\skxx\core\sk_ipc">
      <UniqueIdentifier>{eaaf6f4f-89de-4750-a21e-387873dd1d9d}</UniqueIdentifier>
    </Filter>
    <Filter Include="project\skxx\core\sk_json">
      <UniqueIdentifier>{c369c61f-88b8-4044-b3a5-7518d2b76f58}</UniqueIdentifier>
    </Filter>
    <Filter Include="project\skxx\core\sk_profiler">
      <UniqueIdentifier>{b7d2d0b2-8f4a-4fb5-96a8-a6ba4ee40e50}</UniqueIdentifier>
    </Filter>
    <Filter Include="project\skxx\core\sk_threads">
      <UniqueIdentifier>{007109b8-6b33-4a61-9f1b-3a811e06b6f1}</UniqueIdentifier>
    </Filter>
    <Filter Include="project\skxx\core\sk_web">
      <UniqueIdentifier>{cde7dafe-8921-4745-aa43-33867f1c7522}</UniqueIdentifier>
    </Filter>
    <Filter Include="project\skxx\core\sk_webview">
      <UniqueIdentifier>{af8fcfee-3fef-49fc-a81e-68d06767c559}</UniqueIdentifier>
    </Filter>
    <Filter Include="project\skxx\core\sk_webview\windows">
      <UniqueIdentifier>{a04a5d2d-c15a-48da-841d-b04a3b2152ae}</UniqueIdentifier>
    </Filter>
    <Filter Include="project\skxx\core\sk_webview_initializer">
      <UniqueIdentifier>{f3ff27d7-96db-4bd8-8d77-76957f3aa5a9}</UniqueIdentifier>
    </Filter>
    <Filter Include="project\skxx\core\sk_window_mngr">
      <UniqueIdentifier>{2ec19282-267e-441a-91cf-ad5671c15386}</UniqueIdentifier>
    </Filter>
    <Filter Include="project\skxx\core\sk_window_mngr\root">
      <UniqueIdentifier>{07c8f071-31b2-41fa-9df8-6a3bd6277faf}</UniqueIdentifier>
    </Filter>
    <Filter Include="project\skxx\core\sk_window_mngr\windows">
      <UniqueIdentifier>{972a8284-cf9a-4594-840c-92f4359446b6}</UniqueIdentifier>
    </Filter>
    <Filter Include="project\skxx\core\utils">
      <UniqueIdentifier>{b264f44e-120c-4d23-98c1-f758536b1912}</UniqueIdentifier>
    </Filter>
    <Filter Include="project\skxx\core\sk_app">
      <UniqueIdentifier>{a5c6fed7-2633-41d3-8b41-df70038ed611}</UniqueIdentifier>
    </Filter>
    <Filter Include="project\skxx\module_system">
      <UniqueIdentifier>{f175062a-24b4-45f9-b528-7b72e67bdedb}</UniqueIdentifier>
    </Filter>
    <Filter Include="project\skxx\module_system\cpp">
      <UniqueIdentifier>{8499943a-fc9b-4a6c-8db1-7aafa9b8fe78}</UniqueIdentifier>
    </Filter>
    <Filter Include="project\skxx\module_system\cpp\modules">
      <UniqueIdentifier>{1d86db3d-7e5d-4da9-b626-b3677c08d49d}</UniqueIdentifier>
    </Filter>
    <Filter Include="project\skxx\module_system\cpp\modules\nodejs">
      <UniqueIdentifier>{244718ac-4ef4-42b0-bf17-4db186221002}</UniqueIdentifier>
    </Filter>
    <Filter Include="project\skxx\module_system\cpp\modules\sk">
      <UniqueIdentifier>{7a6fe86a-879e-40ff-afc9-8d0af4763ca0}</UniqueIdentifier>
    </Filter>
    <Filter Include="project\skxx\module_system\cpp\modules\sk\nativeActions">
      <UniqueIdentifier>{5fe4890f-97f6-4448-8e77-cfbee1a2f04b}</UniqueIdentifier>
    </Filter>
    <Filter Include="project\skxx\module_system\cpp\modules\sk\nativeActions\core">
      <UniqueIdentifier>{e0c05528-f3a5-4dcb-ad44-afc722299696}</UniqueIdentifier>
    </Filter>
    <Filter Include="project\skxx\module_system\cpp\modules\sk\protonjs">
      <UniqueIdentifier>{29fe624b-a826-49f6-beb9-6e43ebc66d3f}</UniqueIdentifier>
    </Filter>
    <Filter Include="project\skxx\module_system\cpp\modules\sk\vfs">
      <UniqueIdentifier>{a89ee799-f6b3-42ea-88c9-440aa0fe5efe}</UniqueIdentifier>
    </Filter>
    <Filter Include="project\skxx\module_system\web">
      <UniqueIdentifier>{9273c87a-22cb-45c8-946b-435b3c19e598}</UniqueIdentifier>
    </Filter>
    <Filter Include="project\skxx\module_system\web\node">
      <UniqueIdentifier>{877814d0-a9d1-4821-b11e-ebeb0cd965b7}</UniqueIdentifier>
    </Filter>
    <Filter Include="project\skxx\module_system\web\npm">
      <UniqueIdentifier>{6b6489f9-65c5-4c4b-baac-8c1ee81918cc}</UniqueIdentifier>
    </Filter>
    <Filter Include="project\skxx\module_system\web\sk">
      <UniqueIdentifier>{6a44f161-737c-44db-b9e9-ba869676fe6f}</UniqueIdentifier>
    </Filter>
  </ItemGroup>
  <ItemGroup>
    <ResourceCompile Include="..\resources\main.rc">
      <Filter>resources</Filter>
    </ResourceCompile>
  </ItemGroup>
  <ItemGroup>
    <None Include="..\config\IPlugWebUI_SK-ios.xcconfig">
      <Filter>config</Filter>
    </None>
    <None Include="..\config\IPlugWebUI_SK-web.mk">
      <Filter>config</Filter>
    </None>
    <None Include="..\config\IPlugWebUI_SK-win.props">
      <Filter>config</Filter>
    </None>
    <None Include="..\config\IPlugWebUI_SK-mac.xcconfig">
      <Filter>config</Filter>
    </None>
    <None Include="packages.config" />
    <None Include="..\..\..\..\skxx\web\README.md">
      <Filter>project\skxx\web</Filter>
    </None>
    <None Include="..\..\..\..\skxx\web\global_js_core\sk_global_js_core.js">
      <Filter>project\skxx\web\global_js_core</Filter>
    </None>
    <None Include="..\..\..\..\skxx\web\global_js_core\sk_ipc.js">
      <Filter>project\skxx\web\global_js_core</Filter>
    </None>
    <None Include="..\..\..\..\skxx\web\soft_backend\sk_sb.html">
      <Filter>project\skxx\web\soft_backend</Filter>
    </None>
    <None Include="..\..\..\..\skxx\web\soft_backend\sk_sb.js">
      <Filter>project\skxx\web\soft_backend</Filter>
    </None>
    <None Include="..\..\..\..\skxx\core\sk_communication\README.md">
      <Filter>project\skxx\core\sk_communication</Filter>
    </None>
    <None Include="..\..\..\..\skxx\module_system\README.md">
      <Filter>project\skxx\module_system</Filter>
    </None>
    <None Include="..\..\..\..\skxx\module_system\web\sk_module.js">
      <Filter>project\skxx\module_system\web</Filter>
    </None>
    <None Include="..\..\..\..\skxx\module_system\web\sk_module_root.js">
      <Filter>project\skxx\module_system\web</Filter>
    </None>
    <None Include="..\..\..\..\skxx\module_system\web\node\child_process.js">
      <Filter>project\skxx\module_system\web\node</Filter>
    </None>
    <None Include="..\..\..\..\skxx\module_system\web\node\fs.js">
      <Filter>project\skxx\module_system\web\node</Filter>
    </None>
    <None Include="..\..\..\..\skxx\module_system\web\node\os.js">
      <Filter>project\skxx\module_system\web\node</Filter>
    </None>
    <None Include="..\..\..\..\skxx\module_system\web\node\path.js">
      <Filter>project\skxx\module_system\web\node</Filter>
    </None>
    <None Include="..\..\..\..\skxx\module_system\web\node\process.js">
      <Filter>project\skxx\module_system\web\node</Filter>
    </None>
    <None Include="..\..\..\..\skxx\module_system\web\npm\electron.js">
      <Filter>project\skxx\module_system\web\npm</Filter>
    </None>
    <None Include="..\..\..\..\skxx\module_system\web\npm\fs-extra.js">
      <Filter>project\skxx\module_system\web\npm</Filter>
    </None>
    <None Include="..\..\..\..\skxx\module_system\web\sk\application.js">
      <Filter>project\skxx\module_system\web\sk</Filter>
    </None>
    <None Include="..\..\..\..\skxx\module_system\web\sk\debugMngr.js">
      <Filter>project\skxx\module_system\web\sk</Filter>
    </None>
    <None Include="..\..\..\..\skxx\module_system\web\sk\nativeActions.js">
      <Filter>project\skxx\module_system\web\sk</Filter>
    </None>
    <None Include="..\..\..\..\skxx\module_system\web\sk\proton.js">
      <Filter>project\skxx\module_system\web\sk</Filter>
    </None>
    <None Include="..\..\..\..\skxx\module_system\web\sk\vfs.js">
      <Filter>project\skxx\module_system\web\sk</Filter>
    </None>
    <None Include="..\..\..\..\skxx\module_system\web\sk\viewMngr.js">
      <Filter>project\skxx\module_system\web\sk</Filter>
    </None>
    <None Include="..\..\..\..\skxx\module_system\web\sk\web.js">
      <Filter>project\skxx\module_system\web\sk</Filter>
    </None>
  </ItemGroup>
  <ItemGroup>
    <Natvis Include="$(MSBuildThisFileDirectory)..\..\natvis\wil.natvis" />
  </ItemGroup>
</Project>