
Microsoft Visual Studio Solution File, Format Version 12.00
# Visual Studio Version 17
VisualStudioVersion = 17.9.34723.18
MinimumVisualStudioVersion = 10.0.40219.1
Project("{8BC9CEB8-8B4A-11D0-8D11-00A0C91BC942}") = "IPlugWebUI_SK-app", "projects\IPlugWebUI_SK-app.vcxproj", "{41785AE4-5B70-4A75-880B-4B418B4E13C6}"
EndProject
Project("{8BC9CEB8-8B4A-11D0-8D11-00A0C91BC942}") = "IPlugWebUI_SK-vst3", "projects\IPlugWebUI_SK-vst3.vcxproj", "{079FC65A-F0E5-4E97-B318-A16D1D0B89DF}"
EndProject
Global
	GlobalSection(SolutionConfigurationPlatforms) = preSolution
		dbg-deep_bundle|x64 = dbg-deep_bundle|x64
		dbg-none_bundle|x64 = dbg-none_bundle|x64
		dbg-shallow_bundle|x64 = dbg-shallow_bundle|x64
		rls-deep_bundle|x64 = rls-deep_bundle|x64
		Tracer|x64 = Tracer|x64
	EndGlobalSection
	GlobalSection(ProjectConfigurationPlatforms) = postSolution
		{41785AE4-5B70-4A75-880B-4B418B4E13C6}.dbg-deep_bundle|x64.ActiveCfg = dbg-deep_bundle|x64
		{41785AE4-5B70-4A75-880B-4B418B4E13C6}.dbg-deep_bundle|x64.Build.0 = dbg-deep_bundle|x64
		{41785AE4-5B70-4A75-880B-4B418B4E13C6}.dbg-none_bundle|x64.ActiveCfg = dbg-none_bundle|x64
		{41785AE4-5B70-4A75-880B-4B418B4E13C6}.dbg-none_bundle|x64.Build.0 = dbg-none_bundle|x64
		{41785AE4-5B70-4A75-880B-4B418B4E13C6}.dbg-shallow_bundle|x64.ActiveCfg = dbg-shallow_bundle|x64
		{41785AE4-5B70-4A75-880B-4B418B4E13C6}.dbg-shallow_bundle|x64.Build.0 = dbg-shallow_bundle|x64
		{41785AE4-5B70-4A75-880B-4B418B4E13C6}.rls-deep_bundle|x64.ActiveCfg = rls-deep_bundle|x64
		{41785AE4-5B70-4A75-880B-4B418B4E13C6}.rls-deep_bundle|x64.Build.0 = rls-deep_bundle|x64
		{41785AE4-5B70-4A75-880B-4B418B4E13C6}.Tracer|x64.ActiveCfg = Tracer|x64
		{41785AE4-5B70-4A75-880B-4B418B4E13C6}.Tracer|x64.Build.0 = Tracer|x64
		{079FC65A-F0E5-4E97-B318-A16D1D0B89DF}.dbg-deep_bundle|x64.ActiveCfg = dbg-deep_bundle|x64
		{079FC65A-F0E5-4E97-B318-A16D1D0B89DF}.dbg-deep_bundle|x64.Build.0 = dbg-deep_bundle|x64
		{079FC65A-F0E5-4E97-B318-A16D1D0B89DF}.dbg-none_bundle|x64.ActiveCfg = dbg-none_bundle|x64
		{079FC65A-F0E5-4E97-B318-A16D1D0B89DF}.dbg-none_bundle|x64.Build.0 = dbg-none_bundle|x64
		{079FC65A-F0E5-4E97-B318-A16D1D0B89DF}.dbg-shallow_bundle|x64.ActiveCfg = dbg-shallow_bundle|x64
		{079FC65A-F0E5-4E97-B318-A16D1D0B89DF}.dbg-shallow_bundle|x64.Build.0 = dbg-shallow_bundle|x64
		{079FC65A-F0E5-4E97-B318-A16D1D0B89DF}.rls-deep_bundle|x64.ActiveCfg = rls-deep_bundle|x64
		{079FC65A-F0E5-4E97-B318-A16D1D0B89DF}.rls-deep_bundle|x64.Build.0 = rls-deep_bundle|x64
		{079FC65A-F0E5-4E97-B318-A16D1D0B89DF}.Tracer|x64.ActiveCfg = Tracer|x64
		{079FC65A-F0E5-4E97-B318-A16D1D0B89DF}.Tracer|x64.Build.0 = Tracer|x64
	EndGlobalSection
	GlobalSection(SolutionProperties) = preSolution
		HideSolutionNode = FALSE
	EndGlobalSection
	GlobalSection(ExtensibilityGlobals) = postSolution
		SolutionGuid = {39C95EA8-A7C1-4EB9-93C3-452C5E54C752}
	EndGlobalSection
EndGlobal
