
Microsoft Visual Studio Solution File, Format Version 12.00
# Visual Studio Version 17
VisualStudioVersion = 17.9.34723.18
MinimumVisualStudioVersion = 10.0.40219.1
Project("{8BC9CEB8-8B4A-11D0-8D11-00A0C91BC942}") = "IPlugWebUI_SK-app", "projects\IPlugWebUI_SK-app.vcxproj", "{41785AE4-5B70-4A75-880B-4B418B4E13C6}"
EndProject
Project("{8BC9CEB8-8B4A-11D0-8D11-00A0C91BC942}") = "IPlugWebUI_SK-vst2", "projects\IPlugWebUI_SK-vst2.vcxproj", "{2EB4846A-93E0-43A0-821E-12237105168F}"
EndProject
Project("{8BC9CEB8-8B4A-11D0-8D11-00A0C91BC942}") = "IPlugWebUI_SK-vst3", "projects\IPlugWebUI_SK-vst3.vcxproj", "{079FC65A-F0E5-4E97-B318-A16D1D0B89DF}"
EndProject
Project("{8BC9CEB8-8B4A-11D0-8D11-00A0C91BC942}") = "IPlugWebUI_SK-aax", "projects\IPlugWebUI_SK-aax.vcxproj", "{DC4B5920-933D-4C82-B842-F34431D55A93}"
EndProject
Global
	GlobalSection(SolutionConfigurationPlatforms) = preSolution
		Debug (Deep Bundling)|x64 = Debug (Deep Bundling)|x64
		Debug (NO BUNDLING)|x64 = Debug (NO BUNDLING)|x64
		Debug (Shallow Bundling)|x64 = Debug (Shallow Bundling)|x64
		Release|x64 = Release|x64
		Tracer|x64 = Tracer|x64
	EndGlobalSection
	GlobalSection(ProjectConfigurationPlatforms) = postSolution
		{41785AE4-5B70-4A75-880B-4B418B4E13C6}.Debug (Deep Bundling)|x64.ActiveCfg = Debug (Deep Bundling)|x64
		{41785AE4-5B70-4A75-880B-4B418B4E13C6}.Debug (Deep Bundling)|x64.Build.0 = Debug (Deep Bundling)|x64
		{41785AE4-5B70-4A75-880B-4B418B4E13C6}.Debug (NO BUNDLING)|x64.ActiveCfg = Debug (NO BUNDLING)|x64
		{41785AE4-5B70-4A75-880B-4B418B4E13C6}.Debug (NO BUNDLING)|x64.Build.0 = Debug (NO BUNDLING)|x64
		{41785AE4-5B70-4A75-880B-4B418B4E13C6}.Debug (Shallow Bundling)|x64.ActiveCfg = Debug (Shallow Bundling)|x64
		{41785AE4-5B70-4A75-880B-4B418B4E13C6}.Debug (Shallow Bundling)|x64.Build.0 = Debug (Shallow Bundling)|x64
		{41785AE4-5B70-4A75-880B-4B418B4E13C6}.Release|x64.ActiveCfg = Release|x64
		{41785AE4-5B70-4A75-880B-4B418B4E13C6}.Release|x64.Build.0 = Release|x64
		{41785AE4-5B70-4A75-880B-4B418B4E13C6}.Tracer|x64.ActiveCfg = Tracer|x64
		{41785AE4-5B70-4A75-880B-4B418B4E13C6}.Tracer|x64.Build.0 = Tracer|x64
		{2EB4846A-93E0-43A0-821E-12237105168F}.Debug (Deep Bundling)|x64.ActiveCfg = Debug (Deep Bundling)|x64
		{2EB4846A-93E0-43A0-821E-12237105168F}.Debug (Deep Bundling)|x64.Build.0 = Debug (Deep Bundling)|x64
		{2EB4846A-93E0-43A0-821E-12237105168F}.Debug (NO BUNDLING)|x64.ActiveCfg = Debug (NO BUNDLING)|x64
		{2EB4846A-93E0-43A0-821E-12237105168F}.Debug (NO BUNDLING)|x64.Build.0 = Debug (NO BUNDLING)|x64
		{2EB4846A-93E0-43A0-821E-12237105168F}.Debug (Shallow Bundling)|x64.ActiveCfg = Debug (Shallow Bundling)|x64
		{2EB4846A-93E0-43A0-821E-12237105168F}.Debug (Shallow Bundling)|x64.Build.0 = Debug (Shallow Bundling)|x64
		{2EB4846A-93E0-43A0-821E-12237105168F}.Release|x64.ActiveCfg = Release|x64
		{2EB4846A-93E0-43A0-821E-12237105168F}.Release|x64.Build.0 = Release|x64
		{2EB4846A-93E0-43A0-821E-12237105168F}.Tracer|x64.ActiveCfg = Tracer|x64
		{2EB4846A-93E0-43A0-821E-12237105168F}.Tracer|x64.Build.0 = Tracer|x64
		{079FC65A-F0E5-4E97-B318-A16D1D0B89DF}.Debug (Deep Bundling)|x64.ActiveCfg = Debug (Deep Bundling)|x64
		{079FC65A-F0E5-4E97-B318-A16D1D0B89DF}.Debug (Deep Bundling)|x64.Build.0 = Debug (Deep Bundling)|x64
		{079FC65A-F0E5-4E97-B318-A16D1D0B89DF}.Debug (NO BUNDLING)|x64.ActiveCfg = Debug (NO BUNDLING)|x64
		{079FC65A-F0E5-4E97-B318-A16D1D0B89DF}.Debug (NO BUNDLING)|x64.Build.0 = Debug (NO BUNDLING)|x64
		{079FC65A-F0E5-4E97-B318-A16D1D0B89DF}.Debug (Shallow Bundling)|x64.ActiveCfg = Debug (Shallow Bundling)|x64
		{079FC65A-F0E5-4E97-B318-A16D1D0B89DF}.Debug (Shallow Bundling)|x64.Build.0 = Debug (Shallow Bundling)|x64
		{079FC65A-F0E5-4E97-B318-A16D1D0B89DF}.Release|x64.ActiveCfg = Release|x64
		{079FC65A-F0E5-4E97-B318-A16D1D0B89DF}.Release|x64.Build.0 = Release|x64
		{079FC65A-F0E5-4E97-B318-A16D1D0B89DF}.Tracer|x64.ActiveCfg = Tracer|x64
		{079FC65A-F0E5-4E97-B318-A16D1D0B89DF}.Tracer|x64.Build.0 = Tracer|x64
		{DC4B5920-933D-4C82-B842-F34431D55A93}.Debug (Deep Bundling)|x64.ActiveCfg = Debug (Deep Bundling)|x64
		{DC4B5920-933D-4C82-B842-F34431D55A93}.Debug (Deep Bundling)|x64.Build.0 = Debug (Deep Bundling)|x64
		{DC4B5920-933D-4C82-B842-F34431D55A93}.Debug (NO BUNDLING)|x64.ActiveCfg = Debug (NO BUNDLING)|x64
		{DC4B5920-933D-4C82-B842-F34431D55A93}.Debug (NO BUNDLING)|x64.Build.0 = Debug (NO BUNDLING)|x64
		{DC4B5920-933D-4C82-B842-F34431D55A93}.Debug (Shallow Bundling)|x64.ActiveCfg = Debug (Shallow Bundling)|x64
		{DC4B5920-933D-4C82-B842-F34431D55A93}.Debug (Shallow Bundling)|x64.Build.0 = Debug (Shallow Bundling)|x64
		{DC4B5920-933D-4C82-B842-F34431D55A93}.Release|x64.ActiveCfg = Release|x64
		{DC4B5920-933D-4C82-B842-F34431D55A93}.Release|x64.Build.0 = Release|x64
		{DC4B5920-933D-4C82-B842-F34431D55A93}.Tracer|x64.ActiveCfg = Tracer|x64
		{DC4B5920-933D-4C82-B842-F34431D55A93}.Tracer|x64.Build.0 = Tracer|x64
	EndGlobalSection
	GlobalSection(SolutionProperties) = preSolution
		HideSolutionNode = FALSE
	EndGlobalSection
	GlobalSection(ExtensibilityGlobals) = postSolution
		SolutionGuid = {39C95EA8-A7C1-4EB9-93C3-452C5E54C752}
	EndGlobalSection
EndGlobal
